{"version":4,"terraform_version":"1.10.7","serial":6,"lineage":"62a9279d-39ac-cceb-75de-76ff81fdc2fc","outputs":{"container_endpoint_url":{"value":"openathleteosnddm0t-openathlete-api.functions.fnc.fr-par.scw.cloud","type":"string"},"container_id":{"value":"fr-par/7bc3d625-55b7-4e7b-b1a1-82af01a61bc1","type":"string"},"container_namespace_id":{"value":"fr-par/e6babb41-95bc-4644-affb-1caba7b7e12e","type":"string"},"private_network_id":{"value":"fr-par/f55a9ac9-4585-4e96-98ad-94ddc070d89c","type":"string"},"rdb_private_ip":{"value":"172.16.0.3","type":"string"},"redis_private_ip_or_hostname":{"value":"fdb1:1c2c:39ca:2f25:8636:da0f:320e:db20","type":"string"},"registry_endpoint":{"value":"rg.fr-par.scw.cloud","type":"string"},"registry_namespace_id":{"value":"fr-par/be9d46e2-25f9-45b0-ba4f-de8f9ac43c9a","type":"string"}},"resources":[{"mode":"managed","type":"random_password","name":"db_password","provider":"provider[\"registry.opentofu.org/hashicorp/random\"]","instances":[{"schema_version":3,"attributes":{"bcrypt_hash":"$2a$10$WIDHksJzhLY4Swy8d.afyeaSwkYFc0V0xfUnpiVtM/Q/OHNmQSafC","id":"none","keepers":null,"length":32,"lower":true,"min_lower":0,"min_numeric":0,"min_special":0,"min_upper":0,"number":true,"numeric":true,"override_special":null,"result":"abrp(+1AKt=7v(PG?_jCuZcvjIS=6b6J","special":true,"upper":true},"sensitive_attributes":[[{"type":"get_attr","value":"bcrypt_hash"}],[{"type":"get_attr","value":"result"}]]}]},{"mode":"managed","type":"random_password","name":"redis_password","provider":"provider[\"registry.opentofu.org/hashicorp/random\"]","instances":[{"schema_version":3,"attributes":{"bcrypt_hash":"$2a$10$tKT/ic8ZQmm8DNOUJIYmFu06tYaycTKIvE8DmIKjjQc9QNAy6ADPm","id":"none","keepers":null,"length":24,"lower":true,"min_lower":0,"min_numeric":0,"min_special":0,"min_upper":0,"number":true,"numeric":true,"override_special":null,"result":"n@L]3Nya6o0ZT\u003cOAGg0-KbZv","special":true,"upper":true},"sensitive_attributes":[[{"type":"get_attr","value":"result"}],[{"type":"get_attr","value":"bcrypt_hash"}]]}]},{"mode":"managed","type":"random_password","name":"redis_vm_password","provider":"provider[\"registry.opentofu.org/hashicorp/random\"]","instances":[{"schema_version":3,"attributes":{"bcrypt_hash":"$2a$10$1eiRVgDJoY7uQTUUdcpZbuyan/3IVA8nIS67QQi14FwCYybh7DoWm","id":"none","keepers":null,"length":24,"lower":true,"min_lower":0,"min_numeric":0,"min_special":0,"min_upper":0,"number":true,"numeric":true,"override_special":null,"result":"faL5LGJt8+P!10EDa%:KhJW[","special":true,"upper":true},"sensitive_attributes":[[{"type":"get_attr","value":"result"}],[{"type":"get_attr","value":"bcrypt_hash"}]]}]},{"mode":"managed","type":"scaleway_container","name":"api","provider":"provider[\"registry.opentofu.org/scaleway/scaleway\"]","instances":[{"schema_version":0,"attributes":{"args":null,"command":null,"cpu_limit":1000,"cron_status":"created","deploy":false,"description":"","domain_name":"openathleteosnddm0t-openathlete-api.functions.fnc.fr-par.scw.cloud","environment_variables":{"NODE_ENV":"production"},"error_message":"","health_check":[{"failure_threshold":30,"http":[],"interval":"10s"}],"http_option":"enabled","id":"fr-par/7bc3d625-55b7-4e7b-b1a1-82af01a61bc1","local_storage_limit":1000,"max_concurrency":50,"max_scale":3,"memory_limit":2048,"min_scale":0,"name":"openathlete-api","namespace_id":"fr-par/e6babb41-95bc-4644-affb-1caba7b7e12e","port":3000,"privacy":"public","private_network_id":"fr-par/f55a9ac9-4585-4e96-98ad-94ddc070d89c","protocol":"http1","region":"fr-par","registry_image":"rg.fr-par.scw.cloud/openathlete/openathlete:latest","registry_sha256":null,"sandbox":"v2","scaling_option":[{"concurrent_requests_threshold":50,"cpu_usage_threshold":0,"memory_usage_threshold":0}],"secret_environment_variables":{"DATABASE_URL":"$argon2id$v=19$m=65536,t=1,p=2$d8OUhDOgZkE4DDyClsdecA$XfN5b4mK/2RRFf01uEGZ/lO4m3L3dI/V++ramyYEEVI","JWT_SECRET":"$argon2id$v=19$m=65536,t=1,p=2$SO0ftFufKsMj0IH+s+h1Ew$s3RgDojMhnEq7e2wvbZXx9xItBj4rzbTNd7rootAxoo","REDIS_URL":"$argon2id$v=19$m=65536,t=1,p=2$vsA8QF4w78QFI5RncR7JFg$RIXXSDHkmlwhLZD5hp2NKViERuRAQ+QOjf5hXZUg2N4"},"status":"created","tags":null,"timeout":300,"timeouts":null},"sensitive_attributes":[[{"type":"get_attr","value":"secret_environment_variables"}]],"private":"eyJlMmJmYjczMC1lY2FhLTExZTYtOGY4OC0zNDM2M2JjN2M0YzAiOnsiY3JlYXRlIjo3NTAwMDAwMDAwMDAsImRlZmF1bHQiOjc1MDAwMDAwMDAwMCwiZGVsZXRlIjo3NTAwMDAwMDAwMDAsInJlYWQiOjc1MDAwMDAwMDAwMCwidXBkYXRlIjo3NTAwMDAwMDAwMDB9fQ==","dependencies":["random_password.db_password","random_password.redis_vm_password","scaleway_container_namespace.ns","scaleway_instance_security_group.redis_sg","scaleway_instance_server.redis_vm","scaleway_rdb_database.db_name","scaleway_rdb_instance.db","scaleway_rdb_user.db_user","scaleway_secret.database_url","scaleway_secret.jwt_secret","scaleway_secret.redis_url","scaleway_secret_version.database_url_v","scaleway_secret_version.redis_url_vm_v","scaleway_vpc_private_network.pn"]}]},{"mode":"managed","type":"scaleway_container_namespace","name":"ns","provider":"provider[\"registry.opentofu.org/scaleway/scaleway\"]","instances":[{"schema_version":0,"attributes":{"activate_vpc_integration":true,"description":"","destroy_registry":false,"environment_variables":{},"id":"fr-par/e6babb41-95bc-4644-affb-1caba7b7e12e","name":"openathlete","organization_id":"525a8ce4-4325-41bc-a766-d42a74907118","project_id":"525a8ce4-4325-41bc-a766-d42a74907118","region":"fr-par","registry_endpoint":"rg.fr-par.scw.cloud/funcscwopenathleteosnddm0t","registry_namespace_id":"d687c649-2c3b-4242-92ad-4de7db2511d0","secret_environment_variables":{},"tags":[],"timeouts":null},"sensitive_attributes":[[{"type":"get_attr","value":"secret_environment_variables"}]],"private":"eyJlMmJmYjczMC1lY2FhLTExZTYtOGY4OC0zNDM2M2JjN2M0YzAiOnsiY3JlYXRlIjozMDAwMDAwMDAwMDAsImRlZmF1bHQiOjMwMDAwMDAwMDAwMCwiZGVsZXRlIjozMDAwMDAwMDAwMDAsInJlYWQiOjMwMDAwMDAwMDAwMCwidXBkYXRlIjozMDAwMDAwMDAwMDB9fQ=="}]},{"mode":"managed","type":"scaleway_instance_security_group","name":"redis_sg","provider":"provider[\"registry.opentofu.org/scaleway/scaleway\"]","instances":[{"index_key":0,"schema_version":0,"attributes":{"description":"","enable_default_security":true,"external_rules":false,"id":"fr-par-1/06a64927-ba74-41af-b02d-9fc3bb40cefd","inbound_default_policy":"drop","inbound_rule":[{"action":"accept","ip":"","ip_range":"","port":6379,"port_range":"","protocol":"TCP"}],"name":"openathlete-redis-sg","organization_id":"525a8ce4-4325-41bc-a766-d42a74907118","outbound_default_policy":"accept","outbound_rule":[],"project_id":"525a8ce4-4325-41bc-a766-d42a74907118","stateful":true,"tags":[],"timeouts":null,"zone":"fr-par-1"},"sensitive_attributes":[],"private":"eyJlMmJmYjczMC1lY2FhLTExZTYtOGY4OC0zNDM2M2JjN2M0YzAiOnsiY3JlYXRlIjo2MDAwMDAwMDAwMCwiZGVmYXVsdCI6NjAwMDAwMDAwMDAsImRlbGV0ZSI6NjAwMDAwMDAwMDAsInJlYWQiOjYwMDAwMDAwMDAwLCJ1cGRhdGUiOjYwMDAwMDAwMDAwfX0="}]},{"mode":"managed","type":"scaleway_instance_server","name":"redis_vm","provider":"provider[\"registry.opentofu.org/scaleway/scaleway\"]","instances":[{"index_key":0,"schema_version":0,"attributes":{"additional_volume_ids":[],"admin_password_encryption_ssh_key_id":null,"boot_type":"local","bootscript_id":null,"cloud_init":"#cloud-config\npackage_update: true\npackages:\n  - redis\nruncmd:\n  - sed -i 's/^# requirepass .*/requirepass faL5LGJt8+P!10EDa%:KhJW[/' /etc/redis/redis.conf\n  - sed -i 's/^bind .*/bind 0.0.0.0/' /etc/redis/redis.conf\n  - sed -i 's/^protected-mode yes/protected-mode no/' /etc/redis/redis.conf\n  - systemctl enable redis-server\n  - systemctl restart redis-server\n","enable_dynamic_ip":false,"filesystems":[],"id":"fr-par-1/32ec4cf8-957d-47fb-b497-0c7f7444c25b","image":"ubuntu_noble","ip_id":"","ip_ids":[],"name":"openathlete-redis-vm","organization_id":"525a8ce4-4325-41bc-a766-d42a74907118","placement_group_id":null,"placement_group_policy_respected":null,"private_ips":[{"address":"fdb1:1c2c:39ca:2f25:8636:da0f:320e:db20","id":"fr-par/bb43fedd-9949-4314-8e48-fe4faef7eee0"},{"address":"172.16.0.2","id":"fr-par/d627675b-97d6-4b4c-bbf1-1c775a107881"}],"private_network":[{"mac_address":"02:00:00:1d:81:52","pn_id":"fr-par/f55a9ac9-4585-4e96-98ad-94ddc070d89c","pnic_id":"a8aab23c-bf57-4283-ab2e-7ee46897247f","status":"available","zone":"fr-par"}],"project_id":"525a8ce4-4325-41bc-a766-d42a74907118","protected":false,"public_ips":[],"replace_on_type_change":false,"root_volume":[{"boot":false,"delete_on_termination":true,"name":"","sbs_iops":5000,"size_in_gb":10,"volume_id":"fr-par-1/a26e1220-b1f0-41fe-8cb4-74c509e002ec","volume_type":"sbs_volume"}],"security_group_id":"fr-par-1/06a64927-ba74-41af-b02d-9fc3bb40cefd","state":"started","tags":null,"timeouts":null,"type":"DEV1-S","user_data":{"cloud-init":"#cloud-config\npackage_update: true\npackages:\n  - redis\nruncmd:\n  - sed -i 's/^# requirepass .*/requirepass faL5LGJt8+P!10EDa%:KhJW[/' /etc/redis/redis.conf\n  - sed -i 's/^bind .*/bind 0.0.0.0/' /etc/redis/redis.conf\n  - sed -i 's/^protected-mode yes/protected-mode no/' /etc/redis/redis.conf\n  - systemctl enable redis-server\n  - systemctl restart redis-server\n"},"zone":"fr-par-1"},"sensitive_attributes":[[{"type":"get_attr","value":"cloud_init"}]],"private":"eyJlMmJmYjczMC1lY2FhLTExZTYtOGY4OC0zNDM2M2JjN2M0YzAiOnsiY3JlYXRlIjoxMjAwMDAwMDAwMDAwLCJkZWZhdWx0IjoxMjAwMDAwMDAwMDAwLCJkZWxldGUiOjEyMDAwMDAwMDAwMDAsInJlYWQiOjEyMDAwMDAwMDAwMDAsInVwZGF0ZSI6MTIwMDAwMDAwMDAwMH19","dependencies":["random_password.redis_vm_password","scaleway_instance_security_group.redis_sg","scaleway_vpc_private_network.pn"]}]},{"mode":"managed","type":"scaleway_rdb_database","name":"db_name","provider":"provider[\"registry.opentofu.org/scaleway/scaleway\"]","instances":[{"schema_version":0,"attributes":{"id":"fr-par/bd56b01c-4493-4796-aa80-55bdae61963c/openathlete","instance_id":"fr-par/bd56b01c-4493-4796-aa80-55bdae61963c","managed":true,"name":"openathlete","owner":"_rdb_superadmin","region":"fr-par","size":"7672291","timeouts":null},"sensitive_attributes":[],"private":"eyJlMmJmYjczMC1lY2FhLTExZTYtOGY4OC0zNDM2M2JjN2M0YzAiOnsiY3JlYXRlIjoxODAwMDAwMDAwMDAwLCJkZWZhdWx0IjoxODAwMDAwMDAwMDAwLCJkZWxldGUiOjE4MDAwMDAwMDAwMDAsInJlYWQiOjE4MDAwMDAwMDAwMDAsInVwZGF0ZSI6MTgwMDAwMDAwMDAwMH19","dependencies":["scaleway_rdb_instance.db","scaleway_vpc_private_network.pn"]}]},{"mode":"managed","type":"scaleway_rdb_instance","name":"db","provider":"provider[\"registry.opentofu.org/scaleway/scaleway\"]","instances":[{"schema_version":0,"attributes":{"backup_same_region":false,"backup_schedule_frequency":24,"backup_schedule_retention":7,"certificate":"-----BEGIN CERTIFICATE-----\nMIIDXTCCAkWgAwIBAgIUEp3hlXyN0WsPZpFMoR+A+MvlQRcwDQYJKoZIhvcNAQEL\nBQAwVTELMAkGA1UEBhMCRlIxDjAMBgNVBAgMBVBhcmlzMQ4wDAYDVQQHDAVQYXJp\nczERMA8GA1UECgwIU2NhbGV3YXkxEzARBgNVBAMMCjE3Mi4xNi4wLjMwHhcNMjUx\nMTExMTEwOTIwWhcNMzUxMTA5MTEwOTIwWjBVMQswCQYDVQQGEwJGUjEOMAwGA1UE\nCAwFUGFyaXMxDjAMBgNVBAcMBVBhcmlzMREwDwYDVQQKDAhTY2FsZXdheTETMBEG\nA1UEAwwKMTcyLjE2LjAuMzCCASIwDQYJKoZIhvcNAQEBBQADggEPADCCAQoCggEB\nAK2KeXGoVyY+EkfyM5hxwneoZyNUD3z+q0Eb2c5lNKnzkujwfwdJgFv7+i7Uv96l\npibXgDNHn8oEK+6mK0hNpVgPnmItEzXkqxXNo/LH84djLZC1rZDRhZe2QTr4RSdi\ntI7HYesGxLoOnm8mIV7Wkj5Xr4GXwZewWdLVGGDUsXidEZY/PGPy/LDWcTu+kSXz\n+Cm9uWxJ/rIPzXra1Rh7Y/JbMyx1WBVo2lyJhUaVanhoV3vlnfcFug/e5kAiLOJd\nAq9uBiwhmoWtZ7yJp/pSFWUBwTg85T3bs/nqHU8+wrSw3+l+vo2ubDYKWMizAfDx\nl90TJi3t6E217j2eurkbqyECAwEAAaMlMCMwIQYDVR0RBBowGIIKMTcyLjE2LjAu\nM4cEMw/zWYcErBAAAzANBgkqhkiG9w0BAQsFAAOCAQEACmd+ufY9XrjY0URCBdUS\nAvk1IHgLJWKmyuNpB4qfaOqGneJQt35rLUro4+7a9sP/wEE+a/l7v9jaokL1PfJn\nVm9HMWauJBbyGbewWu8cDy/7edmt7X5Nyok9BZU4K7Xu2xh364x51Qq6Qk+tKoDS\n/ZeT70BXsYf6xkMLluXCJBlCLJCM6VF4Pcwxg1GxHn7MwE+9CdS1NDoiq2YiG6pp\nu0IoCRih3yaTMVr91+3zdU/TDjKdNEtJIKTyRmygWS3cyArPqklTfzpmHDMNQGqL\nRNDwshB5dH2XCNCUSBg1hwckI+TyG7iz1Mw436AZ4ol+8mbMZxoR9ZbIWpkOJcQk\nsw==\n-----END CERTIFICATE-----\n","disable_backup":true,"encryption_at_rest":false,"endpoint_ip":"","endpoint_port":0,"engine":"PostgreSQL-16","id":"fr-par/bd56b01c-4493-4796-aa80-55bdae61963c","init_settings":{},"is_ha_cluster":false,"load_balancer":[],"logs_policy":[{"max_age_retention":30,"total_disk_retention":0}],"name":"openathlete-db","node_type":"db-dev-s","organization_id":"525a8ce4-4325-41bc-a766-d42a74907118","password":"","private_ip":[{"address":"172.16.0.3","id":"fr-par/bee9d114-9a0b-41f8-86dc-c8a7945dd955"}],"private_network":[{"enable_ipam":true,"endpoint_id":"5865efa4-968b-48f8-bc23-feb8a2c72f0d","hostname":"","ip":"172.16.0.3","ip_net":"172.16.0.3/22","name":"","pn_id":"fr-par/f55a9ac9-4585-4e96-98ad-94ddc070d89c","port":5432,"zone":""}],"project_id":"525a8ce4-4325-41bc-a766-d42a74907118","read_replicas":[],"region":"fr-par","settings":{"effective_cache_size":"1300","maintenance_work_mem":"150","max_connections":"100","max_parallel_workers":"0","max_parallel_workers_per_gather":"0","work_mem":"4"},"snapshot_id":null,"tags":[],"timeouts":null,"upgradable_versions":[],"user_name":null,"volume_size_in_gb":5,"volume_type":"lssd"},"sensitive_attributes":[[{"type":"get_attr","value":"password"}]],"private":"eyJlMmJmYjczMC1lY2FhLTExZTYtOGY4OC0zNDM2M2JjN2M0YzAiOnsiY3JlYXRlIjoxODAwMDAwMDAwMDAwLCJkZWZhdWx0IjoxODAwMDAwMDAwMDAwLCJkZWxldGUiOjE4MDAwMDAwMDAwMDAsInJlYWQiOjE4MDAwMDAwMDAwMDAsInVwZGF0ZSI6MTgwMDAwMDAwMDAwMH19","dependencies":["scaleway_vpc_private_network.pn"]}]},{"mode":"managed","type":"scaleway_rdb_user","name":"db_user","provider":"provider[\"registry.opentofu.org/scaleway/scaleway\"]","instances":[{"schema_version":0,"attributes":{"id":"fr-par/bd56b01c-4493-4796-aa80-55bdae61963c/openathlete","instance_id":"fr-par/bd56b01c-4493-4796-aa80-55bdae61963c","is_admin":false,"name":"openathlete","password":"abrp(+1AKt=7v(PG?_jCuZcvjIS=6b6J","region":"fr-par","timeouts":null},"sensitive_attributes":[[{"type":"get_attr","value":"password"}]],"private":"eyJlMmJmYjczMC1lY2FhLTExZTYtOGY4OC0zNDM2M2JjN2M0YzAiOnsiY3JlYXRlIjoxODAwMDAwMDAwMDAwLCJkZWZhdWx0IjoxODAwMDAwMDAwMDAwLCJkZWxldGUiOjE4MDAwMDAwMDAwMDAsInJlYWQiOjE4MDAwMDAwMDAwMDAsInVwZGF0ZSI6MTgwMDAwMDAwMDAwMH19","dependencies":["random_password.db_password","scaleway_rdb_instance.db","scaleway_vpc_private_network.pn"]}]},{"mode":"managed","type":"scaleway_registry_namespace","name":"ns","provider":"provider[\"registry.opentofu.org/scaleway/scaleway\"]","instances":[{"schema_version":0,"attributes":{"description":"","endpoint":"rg.fr-par.scw.cloud/openathlete","id":"fr-par/be9d46e2-25f9-45b0-ba4f-de8f9ac43c9a","is_public":false,"name":"openathlete","organization_id":"525a8ce4-4325-41bc-a766-d42a74907118","project_id":"525a8ce4-4325-41bc-a766-d42a74907118","region":"fr-par","timeouts":null},"sensitive_attributes":[],"private":"eyJlMmJmYjczMC1lY2FhLTExZTYtOGY4OC0zNDM2M2JjN2M0YzAiOnsiY3JlYXRlIjozMDAwMDAwMDAwMDAsImRlZmF1bHQiOjMwMDAwMDAwMDAwMCwiZGVsZXRlIjozMDAwMDAwMDAwMDAsInJlYWQiOjMwMDAwMDAwMDAwMCwidXBkYXRlIjozMDAwMDAwMDAwMDB9fQ=="}]},{"mode":"managed","type":"scaleway_secret","name":"database_url","provider":"provider[\"registry.opentofu.org/scaleway/scaleway\"]","instances":[{"schema_version":0,"attributes":{"created_at":"2025-11-11T11:04:36Z","description":"Database connection URL for openathlete","ephemeral_policy":[],"id":"fr-par/9120777e-7276-4664-91a4-c3f48b302a57","name":"openathlete-DATABASE_URL","path":"/","project_id":"525a8ce4-4325-41bc-a766-d42a74907118","protected":false,"region":"fr-par","status":"ready","tags":null,"timeouts":null,"type":"opaque","updated_at":"2025-11-11T11:04:36Z","version_count":2,"versions":[{"created_at":"2025-11-11T11:11:00Z","description":"","latest":true,"revision":"2","secret_id":"9120777e-7276-4664-91a4-c3f48b302a57","status":"enabled","updated_at":"2025-11-11T11:11:00Z"},{"created_at":"2025-11-11T11:04:36Z","description":"","latest":false,"revision":"1","secret_id":"9120777e-7276-4664-91a4-c3f48b302a57","status":"enabled","updated_at":"2025-11-11T11:04:36Z"}]},"sensitive_attributes":[],"private":"eyJlMmJmYjczMC1lY2FhLTExZTYtOGY4OC0zNDM2M2JjN2M0YzAiOnsiY3JlYXRlIjozMDAwMDAwMDAwMDAsImRlZmF1bHQiOjMwMDAwMDAwMDAwMCwiZGVsZXRlIjozMDAwMDAwMDAwMDAsInJlYWQiOjMwMDAwMDAwMDAwMCwidXBkYXRlIjozMDAwMDAwMDAwMDB9fQ=="}]},{"mode":"managed","type":"scaleway_secret","name":"jwt_secret","provider":"provider[\"registry.opentofu.org/scaleway/scaleway\"]","instances":[{"schema_version":0,"attributes":{"created_at":"2025-11-11T11:04:36Z","description":"JWT secret for openathlete","ephemeral_policy":[],"id":"fr-par/3ec1f54d-70a0-4550-b0f1-412d8f224f9d","name":"openathlete-JWT_SECRET","path":"/","project_id":"525a8ce4-4325-41bc-a766-d42a74907118","protected":false,"region":"fr-par","status":"ready","tags":null,"timeouts":null,"type":"opaque","updated_at":"2025-11-11T11:04:36Z","version_count":1,"versions":[{"created_at":"2025-11-11T11:04:37Z","description":"","latest":true,"revision":"1","secret_id":"3ec1f54d-70a0-4550-b0f1-412d8f224f9d","status":"enabled","updated_at":"2025-11-11T11:04:37Z"}]},"sensitive_attributes":[],"private":"eyJlMmJmYjczMC1lY2FhLTExZTYtOGY4OC0zNDM2M2JjN2M0YzAiOnsiY3JlYXRlIjozMDAwMDAwMDAwMDAsImRlZmF1bHQiOjMwMDAwMDAwMDAwMCwiZGVsZXRlIjozMDAwMDAwMDAwMDAsInJlYWQiOjMwMDAwMDAwMDAwMCwidXBkYXRlIjozMDAwMDAwMDAwMDB9fQ=="}]},{"mode":"managed","type":"scaleway_secret","name":"redis_url","provider":"provider[\"registry.opentofu.org/scaleway/scaleway\"]","instances":[{"schema_version":0,"attributes":{"created_at":"2025-11-11T11:04:36Z","description":"Redis connection URL for openathlete","ephemeral_policy":[],"id":"fr-par/a8512878-11ce-457c-b897-13725a020620","name":"openathlete-REDIS_URL","path":"/","project_id":"525a8ce4-4325-41bc-a766-d42a74907118","protected":false,"region":"fr-par","status":"ready","tags":null,"timeouts":null,"type":"opaque","updated_at":"2025-11-11T11:04:36Z","version_count":2,"versions":[{"created_at":"2025-11-11T11:06:36Z","description":"","latest":true,"revision":"2","secret_id":"a8512878-11ce-457c-b897-13725a020620","status":"enabled","updated_at":"2025-11-11T11:06:36Z"},{"created_at":"2025-11-11T11:04:36Z","description":"","latest":false,"revision":"1","secret_id":"a8512878-11ce-457c-b897-13725a020620","status":"enabled","updated_at":"2025-11-11T11:04:36Z"}]},"sensitive_attributes":[],"private":"eyJlMmJmYjczMC1lY2FhLTExZTYtOGY4OC0zNDM2M2JjN2M0YzAiOnsiY3JlYXRlIjozMDAwMDAwMDAwMDAsImRlZmF1bHQiOjMwMDAwMDAwMDAwMCwiZGVsZXRlIjozMDAwMDAwMDAwMDAsInJlYWQiOjMwMDAwMDAwMDAwMCwidXBkYXRlIjozMDAwMDAwMDAwMDB9fQ=="}]},{"mode":"managed","type":"scaleway_secret_version","name":"database_url_placeholder","provider":"provider[\"registry.opentofu.org/scaleway/scaleway\"]","instances":[{"schema_version":0,"attributes":{"created_at":"2025-11-11T11:04:36Z","data":"cGVuZGluZw==","description":"","id":"fr-par/9120777e-7276-4664-91a4-c3f48b302a57/1","region":"fr-par","revision":"1","secret_id":"fr-par/9120777e-7276-4664-91a4-c3f48b302a57","status":"enabled","timeouts":null,"updated_at":"2025-11-11T11:04:36Z"},"sensitive_attributes":[[{"type":"get_attr","value":"data"}]],"private":"eyJlMmJmYjczMC1lY2FhLTExZTYtOGY4OC0zNDM2M2JjN2M0YzAiOnsiY3JlYXRlIjozMDAwMDAwMDAwMDAsImRlZmF1bHQiOjMwMDAwMDAwMDAwMCwiZGVsZXRlIjozMDAwMDAwMDAwMDAsInJlYWQiOjMwMDAwMDAwMDAwMCwidXBkYXRlIjozMDAwMDAwMDAwMDB9fQ==","dependencies":["scaleway_secret.database_url"]}]},{"mode":"managed","type":"scaleway_secret_version","name":"database_url_v","provider":"provider[\"registry.opentofu.org/scaleway/scaleway\"]","instances":[{"schema_version":0,"attributes":{"created_at":"2025-11-11T11:11:00Z","data":"cG9zdGdyZXNxbDovL29wZW5hdGhsZXRlOmFicnAlMjglMkIxQUt0JTNEN3YlMjhQRyUzRl9qQ3VaY3ZqSVMlM0Q2YjZKQDE3Mi4xNi4wLjM6NTQzMi9vcGVuYXRobGV0ZQ==","description":"","id":"fr-par/9120777e-7276-4664-91a4-c3f48b302a57/2","region":"fr-par","revision":"2","secret_id":"fr-par/9120777e-7276-4664-91a4-c3f48b302a57","status":"enabled","timeouts":null,"updated_at":"2025-11-11T11:11:00Z"},"sensitive_attributes":[[{"type":"get_attr","value":"data"}]],"private":"eyJlMmJmYjczMC1lY2FhLTExZTYtOGY4OC0zNDM2M2JjN2M0YzAiOnsiY3JlYXRlIjozMDAwMDAwMDAwMDAsImRlZmF1bHQiOjMwMDAwMDAwMDAwMCwiZGVsZXRlIjozMDAwMDAwMDAwMDAsInJlYWQiOjMwMDAwMDAwMDAwMCwidXBkYXRlIjozMDAwMDAwMDAwMDB9fQ==","dependencies":["random_password.db_password","scaleway_rdb_database.db_name","scaleway_rdb_instance.db","scaleway_rdb_user.db_user","scaleway_secret.database_url","scaleway_vpc_private_network.pn"]}]},{"mode":"managed","type":"scaleway_secret_version","name":"jwt_secret_v","provider":"provider[\"registry.opentofu.org/scaleway/scaleway\"]","instances":[{"schema_version":0,"attributes":{"created_at":"2025-11-11T11:04:37Z","data":"8b6f04ac0e1df508ba52aa40633b5fb7f1cae5b4d86ea3c0369102100f13d3bd","description":"","id":"fr-par/3ec1f54d-70a0-4550-b0f1-412d8f224f9d/1","region":"fr-par","revision":"1","secret_id":"fr-par/3ec1f54d-70a0-4550-b0f1-412d8f224f9d","status":"enabled","timeouts":null,"updated_at":"2025-11-11T11:04:37Z"},"sensitive_attributes":[[{"type":"get_attr","value":"data"}]],"private":"eyJlMmJmYjczMC1lY2FhLTExZTYtOGY4OC0zNDM2M2JjN2M0YzAiOnsiY3JlYXRlIjozMDAwMDAwMDAwMDAsImRlZmF1bHQiOjMwMDAwMDAwMDAwMCwiZGVsZXRlIjozMDAwMDAwMDAwMDAsInJlYWQiOjMwMDAwMDAwMDAwMCwidXBkYXRlIjozMDAwMDAwMDAwMDB9fQ==","dependencies":["scaleway_secret.jwt_secret"]}]},{"mode":"managed","type":"scaleway_secret_version","name":"redis_url_placeholder","provider":"provider[\"registry.opentofu.org/scaleway/scaleway\"]","instances":[{"schema_version":0,"attributes":{"created_at":"2025-11-11T11:04:36Z","data":"cGVuZGluZw==","description":"","id":"fr-par/a8512878-11ce-457c-b897-13725a020620/1","region":"fr-par","revision":"1","secret_id":"fr-par/a8512878-11ce-457c-b897-13725a020620","status":"enabled","timeouts":null,"updated_at":"2025-11-11T11:04:36Z"},"sensitive_attributes":[[{"type":"get_attr","value":"data"}]],"private":"eyJlMmJmYjczMC1lY2FhLTExZTYtOGY4OC0zNDM2M2JjN2M0YzAiOnsiY3JlYXRlIjozMDAwMDAwMDAwMDAsImRlZmF1bHQiOjMwMDAwMDAwMDAwMCwiZGVsZXRlIjozMDAwMDAwMDAwMDAsInJlYWQiOjMwMDAwMDAwMDAwMCwidXBkYXRlIjozMDAwMDAwMDAwMDB9fQ==","dependencies":["scaleway_secret.redis_url"]}]},{"mode":"managed","type":"scaleway_secret_version","name":"redis_url_vm_v","provider":"provider[\"registry.opentofu.org/scaleway/scaleway\"]","instances":[{"index_key":0,"schema_version":0,"attributes":{"created_at":"2025-11-11T11:06:36Z","data":"cmVkaXM6Ly86ZmFMNUxHSnQ4JTJCUCUyMTEwRURhJTI1JTNBS2hKVyU1QkBmZGIxOjFjMmM6MzljYToyZjI1Ojg2MzY6ZGEwZjozMjBlOmRiMjA6NjM3OS8w","description":"","id":"fr-par/a8512878-11ce-457c-b897-13725a020620/2","region":"fr-par","revision":"2","secret_id":"fr-par/a8512878-11ce-457c-b897-13725a020620","status":"enabled","timeouts":null,"updated_at":"2025-11-11T11:06:36Z"},"sensitive_attributes":[[{"type":"get_attr","value":"data"}]],"private":"eyJlMmJmYjczMC1lY2FhLTExZTYtOGY4OC0zNDM2M2JjN2M0YzAiOnsiY3JlYXRlIjozMDAwMDAwMDAwMDAsImRlZmF1bHQiOjMwMDAwMDAwMDAwMCwiZGVsZXRlIjozMDAwMDAwMDAwMDAsInJlYWQiOjMwMDAwMDAwMDAwMCwidXBkYXRlIjozMDAwMDAwMDAwMDB9fQ==","dependencies":["random_password.redis_vm_password","scaleway_instance_security_group.redis_sg","scaleway_instance_server.redis_vm","scaleway_secret.redis_url","scaleway_vpc_private_network.pn"]}]},{"mode":"managed","type":"scaleway_vpc_private_network","name":"pn","provider":"provider[\"registry.opentofu.org/scaleway/scaleway\"]","instances":[{"schema_version":1,"attributes":{"created_at":"2025-11-11T11:04:36Z","enable_default_route_propagation":false,"id":"fr-par/f55a9ac9-4585-4e96-98ad-94ddc070d89c","ipv4_subnet":[{"address":"172.16.0.0","created_at":"2025-11-11T11:04:36Z","id":"58db65ff-514e-4fa7-bfe9-f4eb55cb6e97","prefix_length":22,"subnet":"172.16.0.0/22","subnet_mask":"255.255.252.0","updated_at":"2025-11-11T11:04:36Z"}],"ipv6_subnets":[{"address":"fdb1:1c2c:39ca:2f25::","created_at":"2025-11-11T11:04:36Z","id":"dcd18bb3-eabc-4ec8-b0bc-cc47ad299e10","prefix_length":64,"subnet":"fdb1:1c2c:39ca:2f25::/64","subnet_mask":"255.255.255.255.255.255.255.255.0.0.0.0.0.0.0.0","updated_at":"2025-11-11T11:04:36Z"}],"is_regional":true,"name":"openathlete-pn","organization_id":"525a8ce4-4325-41bc-a766-d42a74907118","project_id":"525a8ce4-4325-41bc-a766-d42a74907118","region":"fr-par","tags":[],"updated_at":"2025-11-11T11:04:36Z","vpc_id":"fr-par/aad06f72-cb72-4a90-84c1-b2c408944719","zone":"fr-par-1"},"sensitive_attributes":[],"private":"eyJzY2hlbWFfdmVyc2lvbiI6IjEifQ=="}]}],"check_results":null}
