{"version":4,"terraform_version":"1.10.7","serial":53,"lineage":"62a9279d-39ac-cceb-75de-76ff81fdc2fc","outputs":{"container_endpoint_url":{"value":"openathleteosnddm0t-openathlete-api.functions.fnc.fr-par.scw.cloud","type":"string"},"container_id":{"value":"fr-par/7bc3d625-55b7-4e7b-b1a1-82af01a61bc1","type":"string"},"container_namespace_id":{"value":"fr-par/e6babb41-95bc-4644-affb-1caba7b7e12e","type":"string"},"import_worker_container_id":{"value":"fr-par/f27fe7bd-5a8e-4b3f-aa4e-84ae801842f7","type":"string"},"private_network_id":{"value":"fr-par/f55a9ac9-4585-4e96-98ad-94ddc070d89c","type":"string"},"rdb_private_ip":{"value":"172.16.0.3","type":"string"},"redis_private_ip_or_hostname":{"value":"172.16.0.4/22","type":"string"},"registry_endpoint":{"value":"rg.fr-par.scw.cloud","type":"string"},"registry_namespace_id":{"value":"fr-par/be9d46e2-25f9-45b0-ba4f-de8f9ac43c9a","type":"string"}},"resources":[{"mode":"managed","type":"random_password","name":"db_password","provider":"provider[\"registry.opentofu.org/hashicorp/random\"]","instances":[{"schema_version":3,"attributes":{"bcrypt_hash":"$2a$10$WIDHksJzhLY4Swy8d.afyeaSwkYFc0V0xfUnpiVtM/Q/OHNmQSafC","id":"none","keepers":null,"length":32,"lower":true,"min_lower":0,"min_numeric":0,"min_special":0,"min_upper":0,"number":true,"numeric":true,"override_special":null,"result":"abrp(+1AKt=7v(PG?_jCuZcvjIS=6b6J","special":true,"upper":true},"sensitive_attributes":[[{"type":"get_attr","value":"result"}],[{"type":"get_attr","value":"bcrypt_hash"}]]}]},{"mode":"managed","type":"random_password","name":"redis_password","provider":"provider[\"registry.opentofu.org/hashicorp/random\"]","instances":[{"schema_version":3,"attributes":{"bcrypt_hash":"$2a$10$tKT/ic8ZQmm8DNOUJIYmFu06tYaycTKIvE8DmIKjjQc9QNAy6ADPm","id":"none","keepers":null,"length":24,"lower":true,"min_lower":0,"min_numeric":0,"min_special":0,"min_upper":0,"number":true,"numeric":true,"override_special":null,"result":"n@L]3Nya6o0ZT\u003cOAGg0-KbZv","special":true,"upper":true},"sensitive_attributes":[[{"type":"get_attr","value":"result"}],[{"type":"get_attr","value":"bcrypt_hash"}]]}]},{"mode":"managed","type":"scaleway_container","name":"api","provider":"provider[\"registry.opentofu.org/scaleway/scaleway\"]","instances":[{"schema_version":0,"attributes":{"args":[],"command":[],"cpu_limit":1000,"cron_status":"ready","deploy":false,"description":"","domain_name":"openathleteosnddm0t-openathlete-api.functions.fnc.fr-par.scw.cloud","environment_variables":{"APP_URL":"https://openathlete.org","BREVO_API_KEY":"eGtleXNpYi0xNTQ0ODhjZjMwMjhlYThmYWRhMzRmZWJlZjEwYjQyZWI3MzdlZTkzMDFjMTFmOGQ3NDczM2UzZTk4NTgwZWUxLVpBWnpnZTMxckdvWEZ0Vmc=","BREVO_FROM_EMAIL":"noreply@openathlete.org","CORS_ORIGINS":"https://openathlete.org,https://www.openathlete.org,capacitor://localhost,http://localhost","DATABASE_URL":"cG9zdGdyZXNxbDovL29wZW5hdGhsZXRlOmFicnAlMjglMkIxQUt0JTNEN3YlMjhQRyUzRl9qQ3VaY3ZqSVMlM0Q2YjZKQDE3Mi4xNi4wLjM6NTQzMi9vcGVuYXRobGV0ZQ==","ENABLE_ACTIVITY_IMPORT":"false","ENABLE_ACTIVITY_PROCESSING":"false","ENABLE_TRAINING_LOAD_ESTIMATION":"false","GARMIN_CLIENT_ID":"a5347106-9dc8-4f96-bb36-ab940816d6c3","GARMIN_CLIENT_SECRET":"WFY3a3VkN1VTbkZWNmJwYURHbjRRQXRsMlhVMnZIMWVXUFlBNWhSVkFpRQ==","GARMIN_REDIRECT_URI":"https://openathlete.org/auth/callback/garmin","GOOGLE_GENERATIVE_AI_API_KEY":"QUl6YVN5QllxVjkxcURrUnM4ZlpaUXFrZHdzVnZaaDNFd2pya0Fj","HASH_PEPPER":"do9721dof29721dof","JWT_SECRET_KEY":"8b6f04ac0e1df508ba52aa40633b5fb7f1cae5b4d86ea3c0369102100f13d3bd","NODE_ENV":"production","NODE_VERSION":"22.14.0","OPENAI_API_KEY":"c2stcHJvai14UkZJZEs0TmJVUWNKTG5XeVZ6YnBFQWpoR2cwUWE1T29Qb3E1UzJUem81M1VQcFktVWctNG5adTNXZEx4YTh1aFhzOG1xQlBpTlQzQmxia0ZKUFN5eHpoT1BnNGNaUGZ3cm00VmlxMmNTTlgxaVNoYllQcTk2NHBtYmpxZDhPYi16Y3ZsTlB5b2VWcTZ4dUhOTVVLQ0xjS09ic0E=","POLAR_CLIENT_ID":"e014176c-9427-4120-8748-0acbde340ba7","POLAR_CLIENT_SECRET":"NmRjZjgwYTUtYjI3NC00MzFmLTkzZGItNzc4OGE1YjYyNWUx","POLAR_REDIRECT_URI":"https://openathlete.org/auth/callback/polar","POLAR_WEBHOOK_SECRET_KEY":"301b475cf7a965a36d53d28528af07fb77cbc1d3c2b1ee5003bcf051","POLAR_WEBHOOK_URL":"https://api.openathlete.org/provider/polar/webhook","REDIS_URL":"cmVkaXM6Ly9yZWRpczpuJTQwTCU1RDNOeWE2bzBaVCUzQ09BR2cwLUtiWnZAMTcyLjE2LjAuNDo2Mzc5LzA=","STRAVA_CLIENT_ID":"151078","STRAVA_CLIENT_SECRET":"1f83534828c0785e1af208db2eb460d138d98bda","STRAVA_REDIRECT_URI":"https://openathlete.org/auth/callback/strava","STRAVA_WEBHOOK_TOKEN":"VGpuMFNicEpiSFIxYWJHaWtmTE1YZlQ0TnBMUHJR"},"error_message":"","health_check":[{"failure_threshold":30,"http":[],"interval":"10s"}],"http_option":"enabled","id":"fr-par/7bc3d625-55b7-4e7b-b1a1-82af01a61bc1","local_storage_limit":1000,"max_concurrency":50,"max_scale":3,"memory_limit":2048,"min_scale":1,"name":"openathlete-api","namespace_id":"fr-par/e6babb41-95bc-4644-affb-1caba7b7e12e","port":3000,"privacy":"public","private_network_id":"fr-par/f55a9ac9-4585-4e96-98ad-94ddc070d89c","protocol":"http1","region":"fr-par","registry_image":"rg.fr-par.scw.cloud/openathlete/openathlete:latest","registry_sha256":null,"sandbox":"v2","scaling_option":[{"concurrent_requests_threshold":80,"cpu_usage_threshold":0,"memory_usage_threshold":0}],"secret_environment_variables":{},"status":"ready","tags":[],"timeout":300,"timeouts":null},"sensitive_attributes":[[{"type":"get_attr","value":"secret_environment_variables"}],[{"type":"get_attr","value":"environment_variables"},{"type":"index","value":{"value":"BREVO_API_KEY","type":"string"}}],[{"type":"get_attr","value":"environment_variables"},{"type":"index","value":{"value":"DATABASE_URL","type":"string"}}],[{"type":"get_attr","value":"environment_variables"},{"type":"index","value":{"value":"GARMIN_CLIENT_SECRET","type":"string"}}],[{"type":"get_attr","value":"environment_variables"},{"type":"index","value":{"value":"GOOGLE_GENERATIVE_AI_API_KEY","type":"string"}}],[{"type":"get_attr","value":"environment_variables"},{"type":"index","value":{"value":"JWT_SECRET_KEY","type":"string"}}],[{"type":"get_attr","value":"environment_variables"},{"type":"index","value":{"value":"OPENAI_API_KEY","type":"string"}}],[{"type":"get_attr","value":"environment_variables"},{"type":"index","value":{"value":"POLAR_CLIENT_SECRET","type":"string"}}],[{"type":"get_attr","value":"environment_variables"},{"type":"index","value":{"value":"POLAR_WEBHOOK_SECRET_KEY","type":"string"}}],[{"type":"get_attr","value":"environment_variables"},{"type":"index","value":{"value":"REDIS_URL","type":"string"}}],[{"type":"get_attr","value":"environment_variables"},{"type":"index","value":{"value":"STRAVA_CLIENT_SECRET","type":"string"}}],[{"type":"get_attr","value":"environment_variables"},{"type":"index","value":{"value":"STRAVA_WEBHOOK_TOKEN","type":"string"}}]],"private":"eyJlMmJmYjczMC1lY2FhLTExZTYtOGY4OC0zNDM2M2JjN2M0YzAiOnsiY3JlYXRlIjo3NTAwMDAwMDAwMDAsImRlZmF1bHQiOjc1MDAwMDAwMDAwMCwiZGVsZXRlIjo3NTAwMDAwMDAwMDAsInJlYWQiOjc1MDAwMDAwMDAwMCwidXBkYXRlIjo3NTAwMDAwMDAwMDB9fQ==","dependencies":["random_password.db_password","random_password.redis_password","scaleway_container_namespace.ns","scaleway_rdb_database.db_name","scaleway_rdb_instance.db","scaleway_rdb_user.db_user","scaleway_redis_cluster.redis","scaleway_secret.brevo_api_key","scaleway_secret.database_url","scaleway_secret.garmin_client_secret","scaleway_secret.google_generative_ai_api_key","scaleway_secret.jwt_secret","scaleway_secret.openai_api_key","scaleway_secret.polar_client_secret","scaleway_secret.polar_webhook_secret_key","scaleway_secret.redis_url","scaleway_secret.strava_client_secret","scaleway_secret.strava_webhook_token","scaleway_secret_version.brevo_api_key_v","scaleway_secret_version.database_url_v","scaleway_secret_version.garmin_client_secret_v","scaleway_secret_version.google_generative_ai_api_key_v","scaleway_secret_version.jwt_secret_v","scaleway_secret_version.openai_api_key_v","scaleway_secret_version.polar_client_secret_v","scaleway_secret_version.polar_webhook_secret_key_v","scaleway_secret_version.redis_url_managed_v","scaleway_secret_version.strava_client_secret_v","scaleway_secret_version.strava_webhook_token_v","scaleway_vpc_private_network.pn"]}]},{"mode":"managed","type":"scaleway_container","name":"import_worker","provider":"provider[\"registry.opentofu.org/scaleway/scaleway\"]","instances":[{"schema_version":0,"attributes":{"args":[],"command":[],"cpu_limit":1000,"cron_status":"ready","deploy":false,"description":"","domain_name":"openathleteosnddm0t-openathlete-import-worker.functions.fnc.fr-par.scw.cloud","environment_variables":{"DATABASE_URL":"cG9zdGdyZXNxbDovL29wZW5hdGhsZXRlOmFicnAlMjglMkIxQUt0JTNEN3YlMjhQRyUzRl9qQ3VaY3ZqSVMlM0Q2YjZKQDE3Mi4xNi4wLjM6NTQzMi9vcGVuYXRobGV0ZQ==","ENABLE_ACTIVITY_IMPORT":"true","ENABLE_ACTIVITY_PROCESSING":"true","ENABLE_TRAINING_LOAD_ESTIMATION":"true","GARMIN_CLIENT_ID":"a5347106-9dc8-4f96-bb36-ab940816d6c3","GARMIN_CLIENT_SECRET":"WFY3a3VkN1VTbkZWNmJwYURHbjRRQXRsMlhVMnZIMWVXUFlBNWhSVkFpRQ==","GARMIN_REDIRECT_URI":"https://openathlete.org/auth/callback/garmin","GOOGLE_GENERATIVE_AI_API_KEY":"QUl6YVN5QllxVjkxcURrUnM4ZlpaUXFrZHdzVnZaaDNFd2pya0Fj","JWT_SECRET_KEY":"8b6f04ac0e1df508ba52aa40633b5fb7f1cae5b4d86ea3c0369102100f13d3bd","NODE_ENV":"production","NODE_VERSION":"22.14.0","OPENAI_API_KEY":"c2stcHJvai14UkZJZEs0TmJVUWNKTG5XeVZ6YnBFQWpoR2cwUWE1T29Qb3E1UzJUem81M1VQcFktVWctNG5adTNXZEx4YTh1aFhzOG1xQlBpTlQzQmxia0ZKUFN5eHpoT1BnNGNaUGZ3cm00VmlxMmNTTlgxaVNoYllQcTk2NHBtYmpxZDhPYi16Y3ZsTlB5b2VWcTZ4dUhOTVVLQ0xjS09ic0E=","POLAR_CLIENT_ID":"e014176c-9427-4120-8748-0acbde340ba7","POLAR_CLIENT_SECRET":"NmRjZjgwYTUtYjI3NC00MzFmLTkzZGItNzc4OGE1YjYyNWUx","POLAR_REDIRECT_URI":"https://openathlete.org/auth/callback/polar","POLAR_WEBHOOK_SECRET_KEY":"301b475cf7a965a36d53d28528af07fb77cbc1d3c2b1ee5003bcf051","POLAR_WEBHOOK_URL":"https://api.openathlete.org/provider/polar/webhook","REDIS_URL":"cmVkaXM6Ly9yZWRpczpuJTQwTCU1RDNOeWE2bzBaVCUzQ09BR2cwLUtiWnZAMTcyLjE2LjAuNDo2Mzc5LzA=","STRAVA_CLIENT_ID":"151078","STRAVA_CLIENT_SECRET":"1f83534828c0785e1af208db2eb460d138d98bda","STRAVA_REDIRECT_URI":"https://openathlete.org/auth/callback/strava"},"error_message":"","health_check":[{"failure_threshold":30,"http":[],"interval":"10s"}],"http_option":"enabled","id":"fr-par/f27fe7bd-5a8e-4b3f-aa4e-84ae801842f7","local_storage_limit":1000,"max_concurrency":50,"max_scale":3,"memory_limit":2048,"min_scale":1,"name":"openathlete-import-worker","namespace_id":"fr-par/e6babb41-95bc-4644-affb-1caba7b7e12e","port":3000,"privacy":"public","private_network_id":"fr-par/f55a9ac9-4585-4e96-98ad-94ddc070d89c","protocol":"http1","region":"fr-par","registry_image":"rg.fr-par.scw.cloud/openathlete/openathlete:latest","registry_sha256":null,"sandbox":"v2","scaling_option":[{"concurrent_requests_threshold":0,"cpu_usage_threshold":80,"memory_usage_threshold":0}],"secret_environment_variables":{},"status":"ready","tags":[],"timeout":300,"timeouts":null},"sensitive_attributes":[[{"type":"get_attr","value":"secret_environment_variables"}],[{"type":"get_attr","value":"environment_variables"},{"type":"index","value":{"value":"DATABASE_URL","type":"string"}}],[{"type":"get_attr","value":"environment_variables"},{"type":"index","value":{"value":"GARMIN_CLIENT_SECRET","type":"string"}}],[{"type":"get_attr","value":"environment_variables"},{"type":"index","value":{"value":"GOOGLE_GENERATIVE_AI_API_KEY","type":"string"}}],[{"type":"get_attr","value":"environment_variables"},{"type":"index","value":{"value":"JWT_SECRET_KEY","type":"string"}}],[{"type":"get_attr","value":"environment_variables"},{"type":"index","value":{"value":"OPENAI_API_KEY","type":"string"}}],[{"type":"get_attr","value":"environment_variables"},{"type":"index","value":{"value":"POLAR_CLIENT_SECRET","type":"string"}}],[{"type":"get_attr","value":"environment_variables"},{"type":"index","value":{"value":"POLAR_WEBHOOK_SECRET_KEY","type":"string"}}],[{"type":"get_attr","value":"environment_variables"},{"type":"index","value":{"value":"REDIS_URL","type":"string"}}],[{"type":"get_attr","value":"environment_variables"},{"type":"index","value":{"value":"STRAVA_CLIENT_SECRET","type":"string"}}]],"private":"eyJlMmJmYjczMC1lY2FhLTExZTYtOGY4OC0zNDM2M2JjN2M0YzAiOnsiY3JlYXRlIjo3NTAwMDAwMDAwMDAsImRlZmF1bHQiOjc1MDAwMDAwMDAwMCwiZGVsZXRlIjo3NTAwMDAwMDAwMDAsInJlYWQiOjc1MDAwMDAwMDAwMCwidXBkYXRlIjo3NTAwMDAwMDAwMDB9fQ==","dependencies":["random_password.db_password","random_password.redis_password","scaleway_container_namespace.ns","scaleway_rdb_database.db_name","scaleway_rdb_instance.db","scaleway_rdb_user.db_user","scaleway_redis_cluster.redis","scaleway_secret.database_url","scaleway_secret.garmin_client_secret","scaleway_secret.google_generative_ai_api_key","scaleway_secret.jwt_secret","scaleway_secret.openai_api_key","scaleway_secret.polar_client_secret","scaleway_secret.polar_webhook_secret_key","scaleway_secret.redis_url","scaleway_secret.strava_client_secret","scaleway_secret_version.database_url_v","scaleway_secret_version.garmin_client_secret_v","scaleway_secret_version.google_generative_ai_api_key_v","scaleway_secret_version.jwt_secret_v","scaleway_secret_version.openai_api_key_v","scaleway_secret_version.polar_client_secret_v","scaleway_secret_version.polar_webhook_secret_key_v","scaleway_secret_version.redis_url_managed_v","scaleway_secret_version.strava_client_secret_v","scaleway_vpc_private_network.pn"]}]},{"mode":"managed","type":"scaleway_container_namespace","name":"ns","provider":"provider[\"registry.opentofu.org/scaleway/scaleway\"]","instances":[{"schema_version":0,"attributes":{"activate_vpc_integration":true,"description":"","destroy_registry":false,"environment_variables":{},"id":"fr-par/e6babb41-95bc-4644-affb-1caba7b7e12e","name":"openathlete","organization_id":"525a8ce4-4325-41bc-a766-d42a74907118","project_id":"525a8ce4-4325-41bc-a766-d42a74907118","region":"fr-par","registry_endpoint":"rg.fr-par.scw.cloud/funcscwopenathleteosnddm0t","registry_namespace_id":"2f7ebfd1-f49b-4001-839a-e4d71b76a460","secret_environment_variables":{},"tags":[],"timeouts":null},"sensitive_attributes":[[{"type":"get_attr","value":"secret_environment_variables"}]],"private":"eyJlMmJmYjczMC1lY2FhLTExZTYtOGY4OC0zNDM2M2JjN2M0YzAiOnsiY3JlYXRlIjozMDAwMDAwMDAwMDAsImRlZmF1bHQiOjMwMDAwMDAwMDAwMCwiZGVsZXRlIjozMDAwMDAwMDAwMDAsInJlYWQiOjMwMDAwMDAwMDAwMCwidXBkYXRlIjozMDAwMDAwMDAwMDB9fQ=="}]},{"mode":"managed","type":"scaleway_rdb_database","name":"db_name","provider":"provider[\"registry.opentofu.org/scaleway/scaleway\"]","instances":[{"schema_version":0,"attributes":{"id":"fr-par/bd56b01c-4493-4796-aa80-55bdae61963c/openathlete","instance_id":"fr-par/bd56b01c-4493-4796-aa80-55bdae61963c","managed":true,"name":"openathlete","owner":"_rdb_superadmin","region":"fr-par","size":"118747619","timeouts":null},"sensitive_attributes":[],"private":"eyJlMmJmYjczMC1lY2FhLTExZTYtOGY4OC0zNDM2M2JjN2M0YzAiOnsiY3JlYXRlIjoxODAwMDAwMDAwMDAwLCJkZWZhdWx0IjoxODAwMDAwMDAwMDAwLCJkZWxldGUiOjE4MDAwMDAwMDAwMDAsInJlYWQiOjE4MDAwMDAwMDAwMDAsInVwZGF0ZSI6MTgwMDAwMDAwMDAwMH19","dependencies":["scaleway_rdb_instance.db","scaleway_vpc_private_network.pn"]}]},{"mode":"managed","type":"scaleway_rdb_instance","name":"db","provider":"provider[\"registry.opentofu.org/scaleway/scaleway\"]","instances":[{"schema_version":0,"attributes":{"backup_same_region":false,"backup_schedule_frequency":24,"backup_schedule_retention":7,"certificate":"-----BEGIN CERTIFICATE-----\nMIIDXTCCAkWgAwIBAgIUEp3hlXyN0WsPZpFMoR+A+MvlQRcwDQYJKoZIhvcNAQEL\nBQAwVTELMAkGA1UEBhMCRlIxDjAMBgNVBAgMBVBhcmlzMQ4wDAYDVQQHDAVQYXJp\nczERMA8GA1UECgwIU2NhbGV3YXkxEzARBgNVBAMMCjE3Mi4xNi4wLjMwHhcNMjUx\nMTExMTEwOTIwWhcNMzUxMTA5MTEwOTIwWjBVMQswCQYDVQQGEwJGUjEOMAwGA1UE\nCAwFUGFyaXMxDjAMBgNVBAcMBVBhcmlzMREwDwYDVQQKDAhTY2FsZXdheTETMBEG\nA1UEAwwKMTcyLjE2LjAuMzCCASIwDQYJKoZIhvcNAQEBBQADggEPADCCAQoCggEB\nAK2KeXGoVyY+EkfyM5hxwneoZyNUD3z+q0Eb2c5lNKnzkujwfwdJgFv7+i7Uv96l\npibXgDNHn8oEK+6mK0hNpVgPnmItEzXkqxXNo/LH84djLZC1rZDRhZe2QTr4RSdi\ntI7HYesGxLoOnm8mIV7Wkj5Xr4GXwZewWdLVGGDUsXidEZY/PGPy/LDWcTu+kSXz\n+Cm9uWxJ/rIPzXra1Rh7Y/JbMyx1WBVo2lyJhUaVanhoV3vlnfcFug/e5kAiLOJd\nAq9uBiwhmoWtZ7yJp/pSFWUBwTg85T3bs/nqHU8+wrSw3+l+vo2ubDYKWMizAfDx\nl90TJi3t6E217j2eurkbqyECAwEAAaMlMCMwIQYDVR0RBBowGIIKMTcyLjE2LjAu\nM4cEMw/zWYcErBAAAzANBgkqhkiG9w0BAQsFAAOCAQEACmd+ufY9XrjY0URCBdUS\nAvk1IHgLJWKmyuNpB4qfaOqGneJQt35rLUro4+7a9sP/wEE+a/l7v9jaokL1PfJn\nVm9HMWauJBbyGbewWu8cDy/7edmt7X5Nyok9BZU4K7Xu2xh364x51Qq6Qk+tKoDS\n/ZeT70BXsYf6xkMLluXCJBlCLJCM6VF4Pcwxg1GxHn7MwE+9CdS1NDoiq2YiG6pp\nu0IoCRih3yaTMVr91+3zdU/TDjKdNEtJIKTyRmygWS3cyArPqklTfzpmHDMNQGqL\nRNDwshB5dH2XCNCUSBg1hwckI+TyG7iz1Mw436AZ4ol+8mbMZxoR9ZbIWpkOJcQk\nsw==\n-----END CERTIFICATE-----\n","disable_backup":true,"encryption_at_rest":false,"endpoint_ip":"212.47.241.196","endpoint_port":11137,"engine":"PostgreSQL-16","id":"fr-par/bd56b01c-4493-4796-aa80-55bdae61963c","init_settings":{},"is_ha_cluster":false,"load_balancer":[{"endpoint_id":"df464c5d-a86b-4513-ab11-c7621d7c90ce","hostname":"","ip":"212.47.241.196","name":"","port":11137}],"logs_policy":[{"max_age_retention":30,"total_disk_retention":0}],"name":"openathlete-db","node_type":"db-dev-s","organization_id":"525a8ce4-4325-41bc-a766-d42a74907118","password":"","private_ip":[{"address":"172.16.0.3","id":"fr-par/bee9d114-9a0b-41f8-86dc-c8a7945dd955"}],"private_network":[{"enable_ipam":true,"endpoint_id":"5865efa4-968b-48f8-bc23-feb8a2c72f0d","hostname":"","ip":"172.16.0.3","ip_net":"172.16.0.3/22","name":"","pn_id":"fr-par/f55a9ac9-4585-4e96-98ad-94ddc070d89c","port":5432,"zone":""}],"project_id":"525a8ce4-4325-41bc-a766-d42a74907118","read_replicas":[],"region":"fr-par","settings":{"effective_cache_size":"1300","maintenance_work_mem":"150","max_connections":"100","max_parallel_workers":"0","max_parallel_workers_per_gather":"0","work_mem":"4"},"snapshot_id":null,"tags":[],"timeouts":null,"upgradable_versions":[{"id":"fa0d1d64-5753-4792-8af2-668b5c10ffd2","minor_version":"17.7","name":"PostgreSQL-17","version":"17"}],"user_name":"openathlete","volume_size_in_gb":5,"volume_type":"lssd"},"sensitive_attributes":[[{"type":"get_attr","value":"password"}]],"private":"eyJlMmJmYjczMC1lY2FhLTExZTYtOGY4OC0zNDM2M2JjN2M0YzAiOnsiY3JlYXRlIjoxODAwMDAwMDAwMDAwLCJkZWZhdWx0IjoxODAwMDAwMDAwMDAwLCJkZWxldGUiOjE4MDAwMDAwMDAwMDAsInJlYWQiOjE4MDAwMDAwMDAwMDAsInVwZGF0ZSI6MTgwMDAwMDAwMDAwMH19","dependencies":["scaleway_vpc_private_network.pn"]}]},{"mode":"managed","type":"scaleway_rdb_user","name":"db_user","provider":"provider[\"registry.opentofu.org/scaleway/scaleway\"]","instances":[{"schema_version":0,"attributes":{"id":"fr-par/bd56b01c-4493-4796-aa80-55bdae61963c/openathlete","instance_id":"fr-par/bd56b01c-4493-4796-aa80-55bdae61963c","is_admin":true,"name":"openathlete","password":"abrp(+1AKt=7v(PG?_jCuZcvjIS=6b6J","region":"fr-par","timeouts":null},"sensitive_attributes":[[{"type":"get_attr","value":"password"}]],"private":"eyJlMmJmYjczMC1lY2FhLTExZTYtOGY4OC0zNDM2M2JjN2M0YzAiOnsiY3JlYXRlIjoxODAwMDAwMDAwMDAwLCJkZWZhdWx0IjoxODAwMDAwMDAwMDAwLCJkZWxldGUiOjE4MDAwMDAwMDAwMDAsInJlYWQiOjE4MDAwMDAwMDAwMDAsInVwZGF0ZSI6MTgwMDAwMDAwMDAwMH19","dependencies":["random_password.db_password","scaleway_rdb_instance.db","scaleway_vpc_private_network.pn"]}]},{"mode":"managed","type":"scaleway_redis_cluster","name":"redis","provider":"provider[\"registry.opentofu.org/scaleway/scaleway\"]","instances":[{"schema_version":0,"attributes":{"acl":[],"certificate":"","cluster_size":1,"created_at":"2025-11-12T14:00:18Z","id":"fr-par-1/0cec463b-1622-40bc-9075-8a92b714d747","name":"openathlete-redis","node_type":"RED1-micro","password":"n@L]3Nya6o0ZT\u003cOAGg0-KbZv","private_ips":[{"address":"172.16.0.4","id":"fr-par/b5c30c08-6484-4d08-be1d-d34d9d273130"}],"private_network":[{"endpoint_id":"130d8987-d995-4814-ac08-42c66e6bc57f","id":"fr-par/f55a9ac9-4585-4e96-98ad-94ddc070d89c","ips":["172.16.0.4"],"port":6379,"service_ips":["172.16.0.4/22"],"zone":"fr-par-1"}],"project_id":"525a8ce4-4325-41bc-a766-d42a74907118","public_network":[],"settings":{},"tags":null,"timeouts":null,"tls_enabled":false,"updated_at":"2025-12-02T08:54:21Z","user_name":"redis","version":"7.2.11","zone":"fr-par-1"},"sensitive_attributes":[[{"type":"get_attr","value":"password"}]],"private":"eyJlMmJmYjczMC1lY2FhLTExZTYtOGY4OC0zNDM2M2JjN2M0YzAiOnsiY3JlYXRlIjo5MDAwMDAwMDAwMDAsImRlZmF1bHQiOjkwMDAwMDAwMDAwMCwiZGVsZXRlIjo5MDAwMDAwMDAwMDAsInJlYWQiOjkwMDAwMDAwMDAwMCwidXBkYXRlIjo5MDAwMDAwMDAwMDB9fQ==","dependencies":["random_password.redis_password","scaleway_vpc_private_network.pn"]}]},{"mode":"managed","type":"scaleway_registry_namespace","name":"ns","provider":"provider[\"registry.opentofu.org/scaleway/scaleway\"]","instances":[{"schema_version":0,"attributes":{"description":"","endpoint":"rg.fr-par.scw.cloud/openathlete","id":"fr-par/be9d46e2-25f9-45b0-ba4f-de8f9ac43c9a","is_public":false,"name":"openathlete","organization_id":"525a8ce4-4325-41bc-a766-d42a74907118","project_id":"525a8ce4-4325-41bc-a766-d42a74907118","region":"fr-par","timeouts":null},"sensitive_attributes":[],"private":"eyJlMmJmYjczMC1lY2FhLTExZTYtOGY4OC0zNDM2M2JjN2M0YzAiOnsiY3JlYXRlIjozMDAwMDAwMDAwMDAsImRlZmF1bHQiOjMwMDAwMDAwMDAwMCwiZGVsZXRlIjozMDAwMDAwMDAwMDAsInJlYWQiOjMwMDAwMDAwMDAwMCwidXBkYXRlIjozMDAwMDAwMDAwMDB9fQ=="}]},{"mode":"managed","type":"scaleway_secret","name":"brevo_api_key","provider":"provider[\"registry.opentofu.org/scaleway/scaleway\"]","instances":[{"schema_version":0,"attributes":{"created_at":"2025-11-12T15:11:29Z","description":"Brevo API key for openathlete","ephemeral_policy":[],"id":"fr-par/7425c8dd-e109-4591-a475-71ce2bd9d2c3","name":"openathlete-BREVO_API_KEY","path":"/","project_id":"525a8ce4-4325-41bc-a766-d42a74907118","protected":false,"region":"fr-par","status":"ready","tags":null,"timeouts":null,"type":"opaque","updated_at":"2025-11-12T15:11:29Z","version_count":2,"versions":[{"created_at":"2025-11-12T15:16:42Z","description":"","latest":true,"revision":"2","secret_id":"7425c8dd-e109-4591-a475-71ce2bd9d2c3","status":"enabled","updated_at":"2025-11-12T15:16:42Z"},{"created_at":"2025-11-12T15:13:08Z","description":"","latest":false,"revision":"1","secret_id":"7425c8dd-e109-4591-a475-71ce2bd9d2c3","status":"enabled","updated_at":"2025-11-12T15:13:08Z"}]},"sensitive_attributes":[],"private":"eyJlMmJmYjczMC1lY2FhLTExZTYtOGY4OC0zNDM2M2JjN2M0YzAiOnsiY3JlYXRlIjozMDAwMDAwMDAwMDAsImRlZmF1bHQiOjMwMDAwMDAwMDAwMCwiZGVsZXRlIjozMDAwMDAwMDAwMDAsInJlYWQiOjMwMDAwMDAwMDAwMCwidXBkYXRlIjozMDAwMDAwMDAwMDB9fQ=="}]},{"mode":"managed","type":"scaleway_secret","name":"database_url","provider":"provider[\"registry.opentofu.org/scaleway/scaleway\"]","instances":[{"schema_version":0,"attributes":{"created_at":"2025-11-11T11:04:36Z","description":"Database connection URL for openathlete","ephemeral_policy":[],"id":"fr-par/9120777e-7276-4664-91a4-c3f48b302a57","name":"openathlete-DATABASE_URL","path":"/","project_id":"525a8ce4-4325-41bc-a766-d42a74907118","protected":false,"region":"fr-par","status":"ready","tags":null,"timeouts":null,"type":"opaque","updated_at":"2025-11-11T11:04:36Z","version_count":2,"versions":[{"created_at":"2025-11-11T11:11:00Z","description":"","latest":true,"revision":"2","secret_id":"9120777e-7276-4664-91a4-c3f48b302a57","status":"enabled","updated_at":"2025-11-11T11:11:00Z"},{"created_at":"2025-11-11T11:04:36Z","description":"","latest":false,"revision":"1","secret_id":"9120777e-7276-4664-91a4-c3f48b302a57","status":"enabled","updated_at":"2025-11-11T11:04:36Z"}]},"sensitive_attributes":[],"private":"eyJlMmJmYjczMC1lY2FhLTExZTYtOGY4OC0zNDM2M2JjN2M0YzAiOnsiY3JlYXRlIjozMDAwMDAwMDAwMDAsImRlZmF1bHQiOjMwMDAwMDAwMDAwMCwiZGVsZXRlIjozMDAwMDAwMDAwMDAsInJlYWQiOjMwMDAwMDAwMDAwMCwidXBkYXRlIjozMDAwMDAwMDAwMDB9fQ=="}]},{"mode":"managed","type":"scaleway_secret","name":"garmin_client_secret","provider":"provider[\"registry.opentofu.org/scaleway/scaleway\"]","instances":[{"schema_version":0,"attributes":{"created_at":"2025-11-19T15:29:34Z","description":"Garmin client secret for openathlete","ephemeral_policy":[],"id":"fr-par/510d1ba5-4620-4d74-8383-d3313049ff9f","name":"openathlete-GARMIN_CLIENT_SECRET","path":"/","project_id":"525a8ce4-4325-41bc-a766-d42a74907118","protected":false,"region":"fr-par","status":"ready","tags":null,"timeouts":null,"type":"opaque","updated_at":"2025-11-19T15:29:34Z","version_count":1,"versions":[{"created_at":"2025-11-19T15:29:35Z","description":"","latest":true,"revision":"1","secret_id":"510d1ba5-4620-4d74-8383-d3313049ff9f","status":"enabled","updated_at":"2025-11-19T15:29:35Z"}]},"sensitive_attributes":[],"private":"eyJlMmJmYjczMC1lY2FhLTExZTYtOGY4OC0zNDM2M2JjN2M0YzAiOnsiY3JlYXRlIjozMDAwMDAwMDAwMDAsImRlZmF1bHQiOjMwMDAwMDAwMDAwMCwiZGVsZXRlIjozMDAwMDAwMDAwMDAsInJlYWQiOjMwMDAwMDAwMDAwMCwidXBkYXRlIjozMDAwMDAwMDAwMDB9fQ=="}]},{"mode":"managed","type":"scaleway_secret","name":"google_generative_ai_api_key","provider":"provider[\"registry.opentofu.org/scaleway/scaleway\"]","instances":[{"schema_version":0,"attributes":{"created_at":"2025-12-02T08:52:38Z","description":"Google Generative AI API key for openathlete","ephemeral_policy":[],"id":"fr-par/0f5a6d11-366b-4150-8b5c-aa47c8a6ac13","name":"openathlete-GOOGLE_GENERATIVE_AI_API_KEY","path":"/","project_id":"525a8ce4-4325-41bc-a766-d42a74907118","protected":false,"region":"fr-par","status":"ready","tags":null,"timeouts":null,"type":"opaque","updated_at":"2025-12-02T08:52:38Z","version_count":0,"versions":[]},"sensitive_attributes":[],"private":"eyJlMmJmYjczMC1lY2FhLTExZTYtOGY4OC0zNDM2M2JjN2M0YzAiOnsiY3JlYXRlIjozMDAwMDAwMDAwMDAsImRlZmF1bHQiOjMwMDAwMDAwMDAwMCwiZGVsZXRlIjozMDAwMDAwMDAwMDAsInJlYWQiOjMwMDAwMDAwMDAwMCwidXBkYXRlIjozMDAwMDAwMDAwMDB9fQ=="}]},{"mode":"managed","type":"scaleway_secret","name":"jwt_secret","provider":"provider[\"registry.opentofu.org/scaleway/scaleway\"]","instances":[{"schema_version":0,"attributes":{"created_at":"2025-11-11T11:04:36Z","description":"JWT secret for openathlete","ephemeral_policy":[],"id":"fr-par/3ec1f54d-70a0-4550-b0f1-412d8f224f9d","name":"openathlete-JWT_SECRET","path":"/","project_id":"525a8ce4-4325-41bc-a766-d42a74907118","protected":false,"region":"fr-par","status":"ready","tags":null,"timeouts":null,"type":"opaque","updated_at":"2025-11-11T11:04:36Z","version_count":1,"versions":[{"created_at":"2025-11-11T11:04:37Z","description":"","latest":true,"revision":"1","secret_id":"3ec1f54d-70a0-4550-b0f1-412d8f224f9d","status":"enabled","updated_at":"2025-11-11T11:04:37Z"}]},"sensitive_attributes":[],"private":"eyJlMmJmYjczMC1lY2FhLTExZTYtOGY4OC0zNDM2M2JjN2M0YzAiOnsiY3JlYXRlIjozMDAwMDAwMDAwMDAsImRlZmF1bHQiOjMwMDAwMDAwMDAwMCwiZGVsZXRlIjozMDAwMDAwMDAwMDAsInJlYWQiOjMwMDAwMDAwMDAwMCwidXBkYXRlIjozMDAwMDAwMDAwMDB9fQ=="}]},{"mode":"managed","type":"scaleway_secret","name":"openai_api_key","provider":"provider[\"registry.opentofu.org/scaleway/scaleway\"]","instances":[{"schema_version":0,"attributes":{"created_at":"2025-11-12T15:11:29Z","description":"OpenAI API key for openathlete","ephemeral_policy":[],"id":"fr-par/2e2a8e85-e16b-4bdc-9c6f-0b5db990ed1e","name":"openathlete-OPENAI_API_KEY","path":"/","project_id":"525a8ce4-4325-41bc-a766-d42a74907118","protected":false,"region":"fr-par","status":"ready","tags":null,"timeouts":null,"type":"opaque","updated_at":"2025-11-12T15:11:29Z","version_count":2,"versions":[{"created_at":"2025-11-12T15:16:42Z","description":"","latest":true,"revision":"2","secret_id":"2e2a8e85-e16b-4bdc-9c6f-0b5db990ed1e","status":"enabled","updated_at":"2025-11-12T15:16:42Z"},{"created_at":"2025-11-12T15:12:49Z","description":"","latest":false,"revision":"1","secret_id":"2e2a8e85-e16b-4bdc-9c6f-0b5db990ed1e","status":"enabled","updated_at":"2025-11-12T15:12:49Z"}]},"sensitive_attributes":[],"private":"eyJlMmJmYjczMC1lY2FhLTExZTYtOGY4OC0zNDM2M2JjN2M0YzAiOnsiY3JlYXRlIjozMDAwMDAwMDAwMDAsImRlZmF1bHQiOjMwMDAwMDAwMDAwMCwiZGVsZXRlIjozMDAwMDAwMDAwMDAsInJlYWQiOjMwMDAwMDAwMDAwMCwidXBkYXRlIjozMDAwMDAwMDAwMDB9fQ=="}]},{"mode":"managed","type":"scaleway_secret","name":"polar_client_secret","provider":"provider[\"registry.opentofu.org/scaleway/scaleway\"]","instances":[{"schema_version":0,"attributes":{"created_at":"2025-11-21T12:39:30Z","description":"Polar client secret for openathlete","ephemeral_policy":[],"id":"fr-par/3679a8f5-bc25-4c42-8a0f-2b4f44d32140","name":"openathlete-POLAR_CLIENT_SECRET","path":"/","project_id":"525a8ce4-4325-41bc-a766-d42a74907118","protected":false,"region":"fr-par","status":"ready","tags":null,"timeouts":null,"type":"opaque","updated_at":"2025-11-21T12:39:30Z","version_count":1,"versions":[{"created_at":"2025-11-21T12:39:31Z","description":"","latest":true,"revision":"1","secret_id":"3679a8f5-bc25-4c42-8a0f-2b4f44d32140","status":"enabled","updated_at":"2025-11-21T12:39:31Z"}]},"sensitive_attributes":[],"private":"eyJlMmJmYjczMC1lY2FhLTExZTYtOGY4OC0zNDM2M2JjN2M0YzAiOnsiY3JlYXRlIjozMDAwMDAwMDAwMDAsImRlZmF1bHQiOjMwMDAwMDAwMDAwMCwiZGVsZXRlIjozMDAwMDAwMDAwMDAsInJlYWQiOjMwMDAwMDAwMDAwMCwidXBkYXRlIjozMDAwMDAwMDAwMDB9fQ=="}]},{"mode":"managed","type":"scaleway_secret","name":"polar_webhook_secret_key","provider":"provider[\"registry.opentofu.org/scaleway/scaleway\"]","instances":[{"schema_version":0,"attributes":{"created_at":"2025-11-21T12:39:31Z","description":"Polar webhook secret key for openathlete","ephemeral_policy":[],"id":"fr-par/0251ada8-89fe-470f-b7ad-877e1542c9e9","name":"openathlete-POLAR_WEBHOOK_SECRET_KEY","path":"/","project_id":"525a8ce4-4325-41bc-a766-d42a74907118","protected":false,"region":"fr-par","status":"ready","tags":null,"timeouts":null,"type":"opaque","updated_at":"2025-11-21T12:39:31Z","version_count":1,"versions":[{"created_at":"2025-11-21T12:39:31Z","description":"","latest":true,"revision":"1","secret_id":"0251ada8-89fe-470f-b7ad-877e1542c9e9","status":"enabled","updated_at":"2025-11-21T12:39:31Z"}]},"sensitive_attributes":[],"private":"eyJlMmJmYjczMC1lY2FhLTExZTYtOGY4OC0zNDM2M2JjN2M0YzAiOnsiY3JlYXRlIjozMDAwMDAwMDAwMDAsImRlZmF1bHQiOjMwMDAwMDAwMDAwMCwiZGVsZXRlIjozMDAwMDAwMDAwMDAsInJlYWQiOjMwMDAwMDAwMDAwMCwidXBkYXRlIjozMDAwMDAwMDAwMDB9fQ=="}]},{"mode":"managed","type":"scaleway_secret","name":"redis_url","provider":"provider[\"registry.opentofu.org/scaleway/scaleway\"]","instances":[{"schema_version":0,"attributes":{"created_at":"2025-11-11T11:04:36Z","description":"Redis connection URL for openathlete","ephemeral_policy":[],"id":"fr-par/a8512878-11ce-457c-b897-13725a020620","name":"openathlete-REDIS_URL","path":"/","project_id":"525a8ce4-4325-41bc-a766-d42a74907118","protected":false,"region":"fr-par","status":"ready","tags":null,"timeouts":null,"type":"opaque","updated_at":"2025-11-11T11:04:36Z","version_count":2,"versions":[{"created_at":"2025-11-21T12:40:39Z","description":"","latest":true,"revision":"14","secret_id":"a8512878-11ce-457c-b897-13725a020620","status":"enabled","updated_at":"2025-11-21T12:40:39Z"},{"created_at":"2025-11-11T11:04:36Z","description":"","latest":false,"revision":"1","secret_id":"a8512878-11ce-457c-b897-13725a020620","status":"enabled","updated_at":"2025-11-11T11:04:36Z"}]},"sensitive_attributes":[],"private":"eyJlMmJmYjczMC1lY2FhLTExZTYtOGY4OC0zNDM2M2JjN2M0YzAiOnsiY3JlYXRlIjozMDAwMDAwMDAwMDAsImRlZmF1bHQiOjMwMDAwMDAwMDAwMCwiZGVsZXRlIjozMDAwMDAwMDAwMDAsInJlYWQiOjMwMDAwMDAwMDAwMCwidXBkYXRlIjozMDAwMDAwMDAwMDB9fQ=="}]},{"mode":"managed","type":"scaleway_secret","name":"strava_client_secret","provider":"provider[\"registry.opentofu.org/scaleway/scaleway\"]","instances":[{"schema_version":0,"attributes":{"created_at":"2025-11-12T15:11:29Z","description":"Strava client secret for openathlete","ephemeral_policy":[],"id":"fr-par/6b1dfeee-28ab-4e5c-9dd7-87b1f9cac472","name":"openathlete-STRAVA_CLIENT_SECRET","path":"/","project_id":"525a8ce4-4325-41bc-a766-d42a74907118","protected":false,"region":"fr-par","status":"ready","tags":null,"timeouts":null,"type":"opaque","updated_at":"2025-11-12T15:11:29Z","version_count":2,"versions":[{"created_at":"2025-11-12T15:16:42Z","description":"","latest":true,"revision":"2","secret_id":"6b1dfeee-28ab-4e5c-9dd7-87b1f9cac472","status":"enabled","updated_at":"2025-11-12T15:16:42Z"},{"created_at":"2025-11-12T15:13:23Z","description":"","latest":false,"revision":"1","secret_id":"6b1dfeee-28ab-4e5c-9dd7-87b1f9cac472","status":"enabled","updated_at":"2025-11-12T15:13:23Z"}]},"sensitive_attributes":[],"private":"eyJlMmJmYjczMC1lY2FhLTExZTYtOGY4OC0zNDM2M2JjN2M0YzAiOnsiY3JlYXRlIjozMDAwMDAwMDAwMDAsImRlZmF1bHQiOjMwMDAwMDAwMDAwMCwiZGVsZXRlIjozMDAwMDAwMDAwMDAsInJlYWQiOjMwMDAwMDAwMDAwMCwidXBkYXRlIjozMDAwMDAwMDAwMDB9fQ=="}]},{"mode":"managed","type":"scaleway_secret","name":"strava_webhook_token","provider":"provider[\"registry.opentofu.org/scaleway/scaleway\"]","instances":[{"schema_version":0,"attributes":{"created_at":"2025-11-12T15:11:29Z","description":"Strava webhook token for openathlete","ephemeral_policy":[],"id":"fr-par/3f578a71-9fd5-445a-85ac-3fdc65753a0e","name":"openathlete-STRAVA_WEBHOOK_TOKEN","path":"/","project_id":"525a8ce4-4325-41bc-a766-d42a74907118","protected":false,"region":"fr-par","status":"ready","tags":null,"timeouts":null,"type":"opaque","updated_at":"2025-11-12T15:11:29Z","version_count":2,"versions":[{"created_at":"2025-11-12T15:16:42Z","description":"","latest":true,"revision":"2","secret_id":"3f578a71-9fd5-445a-85ac-3fdc65753a0e","status":"enabled","updated_at":"2025-11-12T15:16:42Z"},{"created_at":"2025-11-12T15:13:42Z","description":"","latest":false,"revision":"1","secret_id":"3f578a71-9fd5-445a-85ac-3fdc65753a0e","status":"enabled","updated_at":"2025-11-12T15:13:42Z"}]},"sensitive_attributes":[],"private":"eyJlMmJmYjczMC1lY2FhLTExZTYtOGY4OC0zNDM2M2JjN2M0YzAiOnsiY3JlYXRlIjozMDAwMDAwMDAwMDAsImRlZmF1bHQiOjMwMDAwMDAwMDAwMCwiZGVsZXRlIjozMDAwMDAwMDAwMDAsInJlYWQiOjMwMDAwMDAwMDAwMCwidXBkYXRlIjozMDAwMDAwMDAwMDB9fQ=="}]},{"mode":"managed","type":"scaleway_secret_version","name":"brevo_api_key_v","provider":"provider[\"registry.opentofu.org/scaleway/scaleway\"]","instances":[{"schema_version":0,"attributes":{"created_at":"2025-11-12T15:16:42Z","data":"eGtleXNpYi0xNTQ0ODhjZjMwMjhlYThmYWRhMzRmZWJlZjEwYjQyZWI3MzdlZTkzMDFjMTFmOGQ3NDczM2UzZTk4NTgwZWUxLVpBWnpnZTMxckdvWEZ0Vmc=","description":"","id":"fr-par/7425c8dd-e109-4591-a475-71ce2bd9d2c3/2","region":"fr-par","revision":"2","secret_id":"fr-par/7425c8dd-e109-4591-a475-71ce2bd9d2c3","status":"enabled","timeouts":null,"updated_at":"2025-11-12T15:16:42Z"},"sensitive_attributes":[[{"type":"get_attr","value":"data"}]],"private":"eyJlMmJmYjczMC1lY2FhLTExZTYtOGY4OC0zNDM2M2JjN2M0YzAiOnsiY3JlYXRlIjozMDAwMDAwMDAwMDAsImRlZmF1bHQiOjMwMDAwMDAwMDAwMCwiZGVsZXRlIjozMDAwMDAwMDAwMDAsInJlYWQiOjMwMDAwMDAwMDAwMCwidXBkYXRlIjozMDAwMDAwMDAwMDB9fQ==","dependencies":["scaleway_secret.brevo_api_key"]}]},{"mode":"managed","type":"scaleway_secret_version","name":"database_url_placeholder","provider":"provider[\"registry.opentofu.org/scaleway/scaleway\"]","instances":[{"schema_version":0,"attributes":{"created_at":"2025-11-11T11:04:36Z","data":"cGVuZGluZw==","description":"","id":"fr-par/9120777e-7276-4664-91a4-c3f48b302a57/1","region":"fr-par","revision":"1","secret_id":"fr-par/9120777e-7276-4664-91a4-c3f48b302a57","status":"enabled","timeouts":null,"updated_at":"2025-11-11T11:04:36Z"},"sensitive_attributes":[[{"type":"get_attr","value":"data"}]],"private":"eyJlMmJmYjczMC1lY2FhLTExZTYtOGY4OC0zNDM2M2JjN2M0YzAiOnsiY3JlYXRlIjozMDAwMDAwMDAwMDAsImRlZmF1bHQiOjMwMDAwMDAwMDAwMCwiZGVsZXRlIjozMDAwMDAwMDAwMDAsInJlYWQiOjMwMDAwMDAwMDAwMCwidXBkYXRlIjozMDAwMDAwMDAwMDB9fQ==","dependencies":["scaleway_secret.database_url"]}]},{"mode":"managed","type":"scaleway_secret_version","name":"database_url_v","provider":"provider[\"registry.opentofu.org/scaleway/scaleway\"]","instances":[{"schema_version":0,"attributes":{"created_at":"2025-11-11T11:11:00Z","data":"cG9zdGdyZXNxbDovL29wZW5hdGhsZXRlOmFicnAlMjglMkIxQUt0JTNEN3YlMjhQRyUzRl9qQ3VaY3ZqSVMlM0Q2YjZKQDE3Mi4xNi4wLjM6NTQzMi9vcGVuYXRobGV0ZQ==","description":"","id":"fr-par/9120777e-7276-4664-91a4-c3f48b302a57/2","region":"fr-par","revision":"2","secret_id":"fr-par/9120777e-7276-4664-91a4-c3f48b302a57","status":"enabled","timeouts":null,"updated_at":"2025-11-11T11:11:00Z"},"sensitive_attributes":[[{"type":"get_attr","value":"data"}]],"private":"eyJlMmJmYjczMC1lY2FhLTExZTYtOGY4OC0zNDM2M2JjN2M0YzAiOnsiY3JlYXRlIjozMDAwMDAwMDAwMDAsImRlZmF1bHQiOjMwMDAwMDAwMDAwMCwiZGVsZXRlIjozMDAwMDAwMDAwMDAsInJlYWQiOjMwMDAwMDAwMDAwMCwidXBkYXRlIjozMDAwMDAwMDAwMDB9fQ==","dependencies":["random_password.db_password","scaleway_rdb_database.db_name","scaleway_rdb_instance.db","scaleway_rdb_user.db_user","scaleway_secret.database_url","scaleway_vpc_private_network.pn"]}]},{"mode":"managed","type":"scaleway_secret_version","name":"garmin_client_secret_v","provider":"provider[\"registry.opentofu.org/scaleway/scaleway\"]","instances":[{"schema_version":0,"attributes":{"created_at":"2025-11-19T15:29:35Z","data":"WFY3a3VkN1VTbkZWNmJwYURHbjRRQXRsMlhVMnZIMWVXUFlBNWhSVkFpRQ==","description":"","id":"fr-par/510d1ba5-4620-4d74-8383-d3313049ff9f/1","region":"fr-par","revision":"1","secret_id":"fr-par/510d1ba5-4620-4d74-8383-d3313049ff9f","status":"enabled","timeouts":null,"updated_at":"2025-11-19T15:29:35Z"},"sensitive_attributes":[[{"type":"get_attr","value":"data"}]],"private":"eyJlMmJmYjczMC1lY2FhLTExZTYtOGY4OC0zNDM2M2JjN2M0YzAiOnsiY3JlYXRlIjozMDAwMDAwMDAwMDAsImRlZmF1bHQiOjMwMDAwMDAwMDAwMCwiZGVsZXRlIjozMDAwMDAwMDAwMDAsInJlYWQiOjMwMDAwMDAwMDAwMCwidXBkYXRlIjozMDAwMDAwMDAwMDB9fQ==","dependencies":["scaleway_secret.garmin_client_secret"]}]},{"mode":"managed","type":"scaleway_secret_version","name":"google_generative_ai_api_key_v","provider":"provider[\"registry.opentofu.org/scaleway/scaleway\"]","instances":[{"schema_version":0,"attributes":{"created_at":"2025-12-02T08:52:38Z","data":"QUl6YVN5QllxVjkxcURrUnM4ZlpaUXFrZHdzVnZaaDNFd2pya0Fj","description":"","id":"fr-par/0f5a6d11-366b-4150-8b5c-aa47c8a6ac13/1","region":"fr-par","revision":"1","secret_id":"fr-par/0f5a6d11-366b-4150-8b5c-aa47c8a6ac13","status":"enabled","timeouts":null,"updated_at":"2025-12-02T08:52:38Z"},"sensitive_attributes":[[{"type":"get_attr","value":"data"}]],"private":"eyJlMmJmYjczMC1lY2FhLTExZTYtOGY4OC0zNDM2M2JjN2M0YzAiOnsiY3JlYXRlIjozMDAwMDAwMDAwMDAsImRlZmF1bHQiOjMwMDAwMDAwMDAwMCwiZGVsZXRlIjozMDAwMDAwMDAwMDAsInJlYWQiOjMwMDAwMDAwMDAwMCwidXBkYXRlIjozMDAwMDAwMDAwMDB9fQ==","dependencies":["scaleway_secret.google_generative_ai_api_key"]}]},{"mode":"managed","type":"scaleway_secret_version","name":"jwt_secret_v","provider":"provider[\"registry.opentofu.org/scaleway/scaleway\"]","instances":[{"schema_version":0,"attributes":{"created_at":"2025-11-11T11:04:37Z","data":"8b6f04ac0e1df508ba52aa40633b5fb7f1cae5b4d86ea3c0369102100f13d3bd","description":"","id":"fr-par/3ec1f54d-70a0-4550-b0f1-412d8f224f9d/1","region":"fr-par","revision":"1","secret_id":"fr-par/3ec1f54d-70a0-4550-b0f1-412d8f224f9d","status":"enabled","timeouts":null,"updated_at":"2025-11-11T11:04:37Z"},"sensitive_attributes":[[{"type":"get_attr","value":"data"}]],"private":"eyJlMmJmYjczMC1lY2FhLTExZTYtOGY4OC0zNDM2M2JjN2M0YzAiOnsiY3JlYXRlIjozMDAwMDAwMDAwMDAsImRlZmF1bHQiOjMwMDAwMDAwMDAwMCwiZGVsZXRlIjozMDAwMDAwMDAwMDAsInJlYWQiOjMwMDAwMDAwMDAwMCwidXBkYXRlIjozMDAwMDAwMDAwMDB9fQ==","dependencies":["scaleway_secret.jwt_secret"]}]},{"mode":"managed","type":"scaleway_secret_version","name":"openai_api_key_v","provider":"provider[\"registry.opentofu.org/scaleway/scaleway\"]","instances":[{"schema_version":0,"attributes":{"created_at":"2025-11-12T15:16:42Z","data":"c2stcHJvai14UkZJZEs0TmJVUWNKTG5XeVZ6YnBFQWpoR2cwUWE1T29Qb3E1UzJUem81M1VQcFktVWctNG5adTNXZEx4YTh1aFhzOG1xQlBpTlQzQmxia0ZKUFN5eHpoT1BnNGNaUGZ3cm00VmlxMmNTTlgxaVNoYllQcTk2NHBtYmpxZDhPYi16Y3ZsTlB5b2VWcTZ4dUhOTVVLQ0xjS09ic0E=","description":"","id":"fr-par/2e2a8e85-e16b-4bdc-9c6f-0b5db990ed1e/2","region":"fr-par","revision":"2","secret_id":"fr-par/2e2a8e85-e16b-4bdc-9c6f-0b5db990ed1e","status":"enabled","timeouts":null,"updated_at":"2025-11-12T15:16:42Z"},"sensitive_attributes":[[{"type":"get_attr","value":"data"}]],"private":"eyJlMmJmYjczMC1lY2FhLTExZTYtOGY4OC0zNDM2M2JjN2M0YzAiOnsiY3JlYXRlIjozMDAwMDAwMDAwMDAsImRlZmF1bHQiOjMwMDAwMDAwMDAwMCwiZGVsZXRlIjozMDAwMDAwMDAwMDAsInJlYWQiOjMwMDAwMDAwMDAwMCwidXBkYXRlIjozMDAwMDAwMDAwMDB9fQ==","dependencies":["scaleway_secret.openai_api_key"]}]},{"mode":"managed","type":"scaleway_secret_version","name":"polar_client_secret_v","provider":"provider[\"registry.opentofu.org/scaleway/scaleway\"]","instances":[{"schema_version":0,"attributes":{"created_at":"2025-11-21T12:39:31Z","data":"NmRjZjgwYTUtYjI3NC00MzFmLTkzZGItNzc4OGE1YjYyNWUx","description":"","id":"fr-par/3679a8f5-bc25-4c42-8a0f-2b4f44d32140/1","region":"fr-par","revision":"1","secret_id":"fr-par/3679a8f5-bc25-4c42-8a0f-2b4f44d32140","status":"enabled","timeouts":null,"updated_at":"2025-11-21T12:39:31Z"},"sensitive_attributes":[[{"type":"get_attr","value":"data"}]],"private":"eyJlMmJmYjczMC1lY2FhLTExZTYtOGY4OC0zNDM2M2JjN2M0YzAiOnsiY3JlYXRlIjozMDAwMDAwMDAwMDAsImRlZmF1bHQiOjMwMDAwMDAwMDAwMCwiZGVsZXRlIjozMDAwMDAwMDAwMDAsInJlYWQiOjMwMDAwMDAwMDAwMCwidXBkYXRlIjozMDAwMDAwMDAwMDB9fQ==","dependencies":["scaleway_secret.polar_client_secret"]}]},{"mode":"managed","type":"scaleway_secret_version","name":"polar_webhook_secret_key_v","provider":"provider[\"registry.opentofu.org/scaleway/scaleway\"]","instances":[{"schema_version":0,"attributes":{"created_at":"2025-11-21T12:39:31Z","data":"301b475cf7a965a36d53d28528af07fb77cbc1d3c2b1ee5003bcf051","description":"","id":"fr-par/0251ada8-89fe-470f-b7ad-877e1542c9e9/1","region":"fr-par","revision":"1","secret_id":"fr-par/0251ada8-89fe-470f-b7ad-877e1542c9e9","status":"enabled","timeouts":null,"updated_at":"2025-11-21T12:39:31Z"},"sensitive_attributes":[[{"type":"get_attr","value":"data"}]],"private":"eyJlMmJmYjczMC1lY2FhLTExZTYtOGY4OC0zNDM2M2JjN2M0YzAiOnsiY3JlYXRlIjozMDAwMDAwMDAwMDAsImRlZmF1bHQiOjMwMDAwMDAwMDAwMCwiZGVsZXRlIjozMDAwMDAwMDAwMDAsInJlYWQiOjMwMDAwMDAwMDAwMCwidXBkYXRlIjozMDAwMDAwMDAwMDB9fQ==","dependencies":["scaleway_secret.polar_webhook_secret_key"]}]},{"mode":"managed","type":"scaleway_secret_version","name":"redis_url_managed_v","provider":"provider[\"registry.opentofu.org/scaleway/scaleway\"]","instances":[{"schema_version":0,"attributes":{"created_at":"2025-12-02T08:54:23Z","data":"cmVkaXM6Ly9yZWRpczpuJTQwTCU1RDNOeWE2bzBaVCUzQ09BR2cwLUtiWnZAMTcyLjE2LjAuNDo2Mzc5LzA=","description":"","id":"fr-par/a8512878-11ce-457c-b897-13725a020620/15","region":"fr-par","revision":"15","secret_id":"fr-par/a8512878-11ce-457c-b897-13725a020620","status":"enabled","timeouts":null,"updated_at":"2025-12-02T08:54:23Z"},"sensitive_attributes":[[{"type":"get_attr","value":"data"}]],"private":"eyJlMmJmYjczMC1lY2FhLTExZTYtOGY4OC0zNDM2M2JjN2M0YzAiOnsiY3JlYXRlIjozMDAwMDAwMDAwMDAsImRlZmF1bHQiOjMwMDAwMDAwMDAwMCwiZGVsZXRlIjozMDAwMDAwMDAwMDAsInJlYWQiOjMwMDAwMDAwMDAwMCwidXBkYXRlIjozMDAwMDAwMDAwMDB9fQ==","dependencies":["random_password.redis_password","scaleway_redis_cluster.redis","scaleway_secret.redis_url","scaleway_vpc_private_network.pn"]}]},{"mode":"managed","type":"scaleway_secret_version","name":"redis_url_placeholder","provider":"provider[\"registry.opentofu.org/scaleway/scaleway\"]","instances":[{"schema_version":0,"attributes":{"created_at":"2025-11-11T11:04:36Z","data":"cGVuZGluZw==","description":"","id":"fr-par/a8512878-11ce-457c-b897-13725a020620/1","region":"fr-par","revision":"1","secret_id":"fr-par/a8512878-11ce-457c-b897-13725a020620","status":"enabled","timeouts":null,"updated_at":"2025-11-11T11:04:36Z"},"sensitive_attributes":[[{"type":"get_attr","value":"data"}]],"private":"eyJlMmJmYjczMC1lY2FhLTExZTYtOGY4OC0zNDM2M2JjN2M0YzAiOnsiY3JlYXRlIjozMDAwMDAwMDAwMDAsImRlZmF1bHQiOjMwMDAwMDAwMDAwMCwiZGVsZXRlIjozMDAwMDAwMDAwMDAsInJlYWQiOjMwMDAwMDAwMDAwMCwidXBkYXRlIjozMDAwMDAwMDAwMDB9fQ==","dependencies":["scaleway_secret.redis_url"]}]},{"mode":"managed","type":"scaleway_secret_version","name":"strava_client_secret_v","provider":"provider[\"registry.opentofu.org/scaleway/scaleway\"]","instances":[{"schema_version":0,"attributes":{"created_at":"2025-11-12T15:16:42Z","data":"1f83534828c0785e1af208db2eb460d138d98bda","description":"","id":"fr-par/6b1dfeee-28ab-4e5c-9dd7-87b1f9cac472/2","region":"fr-par","revision":"2","secret_id":"fr-par/6b1dfeee-28ab-4e5c-9dd7-87b1f9cac472","status":"enabled","timeouts":null,"updated_at":"2025-11-12T15:16:42Z"},"sensitive_attributes":[[{"type":"get_attr","value":"data"}]],"private":"eyJlMmJmYjczMC1lY2FhLTExZTYtOGY4OC0zNDM2M2JjN2M0YzAiOnsiY3JlYXRlIjozMDAwMDAwMDAwMDAsImRlZmF1bHQiOjMwMDAwMDAwMDAwMCwiZGVsZXRlIjozMDAwMDAwMDAwMDAsInJlYWQiOjMwMDAwMDAwMDAwMCwidXBkYXRlIjozMDAwMDAwMDAwMDB9fQ==","dependencies":["scaleway_secret.strava_client_secret"]}]},{"mode":"managed","type":"scaleway_secret_version","name":"strava_webhook_token_v","provider":"provider[\"registry.opentofu.org/scaleway/scaleway\"]","instances":[{"schema_version":0,"attributes":{"created_at":"2025-11-12T15:16:42Z","data":"VGpuMFNicEpiSFIxYWJHaWtmTE1YZlQ0TnBMUHJR","description":"","id":"fr-par/3f578a71-9fd5-445a-85ac-3fdc65753a0e/2","region":"fr-par","revision":"2","secret_id":"fr-par/3f578a71-9fd5-445a-85ac-3fdc65753a0e","status":"enabled","timeouts":null,"updated_at":"2025-11-12T15:16:42Z"},"sensitive_attributes":[[{"type":"get_attr","value":"data"}]],"private":"eyJlMmJmYjczMC1lY2FhLTExZTYtOGY4OC0zNDM2M2JjN2M0YzAiOnsiY3JlYXRlIjozMDAwMDAwMDAwMDAsImRlZmF1bHQiOjMwMDAwMDAwMDAwMCwiZGVsZXRlIjozMDAwMDAwMDAwMDAsInJlYWQiOjMwMDAwMDAwMDAwMCwidXBkYXRlIjozMDAwMDAwMDAwMDB9fQ==","dependencies":["scaleway_secret.strava_webhook_token"]}]},{"mode":"managed","type":"scaleway_vpc_private_network","name":"pn","provider":"provider[\"registry.opentofu.org/scaleway/scaleway\"]","instances":[{"schema_version":1,"attributes":{"created_at":"2025-11-11T11:04:36Z","enable_default_route_propagation":false,"id":"fr-par/f55a9ac9-4585-4e96-98ad-94ddc070d89c","ipv4_subnet":[{"address":"172.16.0.0","created_at":"2025-11-11T11:04:36Z","id":"58db65ff-514e-4fa7-bfe9-f4eb55cb6e97","prefix_length":22,"subnet":"172.16.0.0/22","subnet_mask":"255.255.252.0","updated_at":"2025-11-11T11:04:36Z"}],"ipv6_subnets":[{"address":"fdb1:1c2c:39ca:2f25::","created_at":"2025-11-11T11:04:36Z","id":"dcd18bb3-eabc-4ec8-b0bc-cc47ad299e10","prefix_length":64,"subnet":"fdb1:1c2c:39ca:2f25::/64","subnet_mask":"255.255.255.255.255.255.255.255.0.0.0.0.0.0.0.0","updated_at":"2025-11-11T11:04:36Z"}],"is_regional":true,"name":"openathlete-pn","organization_id":"525a8ce4-4325-41bc-a766-d42a74907118","project_id":"525a8ce4-4325-41bc-a766-d42a74907118","region":"fr-par","tags":[],"updated_at":"2025-11-11T11:04:36Z","vpc_id":"fr-par/aad06f72-cb72-4a90-84c1-b2c408944719","zone":"fr-par-1"},"sensitive_attributes":[],"private":"eyJzY2hlbWFfdmVyc2lvbiI6IjEifQ=="}]}],"check_results":null}
